
Microsoft Visual Studio Solution File, Format Version 12.00
# Visual Studio Version 17
VisualStudioVersion = 17.3.32929.385
MinimumVisualStudioVersion = 10.0.40219.1
Project("{9A19103F-16F7-4668-BE54-9A1E7A4F7556}") = "Genbyte.AppStartup", "Genbyte.AppStartup.csproj", "{1B619D83-5236-41A5-BC6A-DFE5D0408B69}"
EndProject
Project("{9A19103F-16F7-4668-BE54-9A1E7A4F7556}") = "Voucher.PRTran", "..\Voucher\Voucher.PRTran\Voucher.PRTran.csproj", "{88C09823-A969-4B74-8770-B20AB56B9AB3}"
EndProject
Project("{9A19103F-16F7-4668-BE54-9A1E7A4F7556}") = "Voucher.PVTran", "..\Voucher\Voucher.PVTran\Voucher.PVTran.csproj", "{2472F9F6-C6AD-4255-9558-097429C643AE}"
EndProject
Project("{9A19103F-16F7-4668-BE54-9A1E7A4F7556}") = "Voucher.SVTran", "..\Voucher\Voucher.SVTran\Voucher.SVTran.csproj", "{A1979736-C81B-48F1-9C46-482E53B9805E}"
EndProject
Project("{9A19103F-16F7-4668-BE54-9A1E7A4F7556}") = "EInvoice", "..\EInvoice\EInvoice.csproj", "{230B80E6-33CC-41D3-BBAC-0B8EF95BCAAB}"
EndProject
Project("{9A19103F-16F7-4668-BE54-9A1E7A4F7556}") = "Upload", "..\Upload\Upload.csproj", "{C060A880-8BFE-4DF4-9840-35EA10391187}"
EndProject
Project("{9A19103F-16F7-4668-BE54-9A1E7A4F7556}") = "Category.Api_menu_report", "..\Category\Category.api_menu_report\Category.Api_menu_report.csproj", "{6EE4E108-1AC0-4EF5-AFEC-83FDFA2903E6}"
EndProject
Project("{9A19103F-16F7-4668-BE54-9A1E7A4F7556}") = "Category.Dmbp", "..\Category\Category.Dmbp\Category.Dmbp.csproj", "{560C5D24-ADAB-4787-9215-64273DE81656}"
EndProject
Project("{9A19103F-16F7-4668-BE54-9A1E7A4F7556}") = "Category.Dmck2", "..\Category\Category.Dmck2\Category.Dmck2.csproj", "{EBE3FB57-8A56-49EA-91E1-D5B4803FF238}"
EndProject
Project("{9A19103F-16F7-4668-BE54-9A1E7A4F7556}") = "Category.Dmca", "..\Category\Category.Dmca\Category.Dmca.csproj", "{4A4E8A69-5BD5-443B-9D2B-235961611074}"
EndProject
Project("{9A19103F-16F7-4668-BE54-9A1E7A4F7556}") = "Category.dmct", "..\Category\Category.dmct\Category.dmct.csproj", "{9055D49B-6C2F-4D89-93D7-4D42455B3C04}"
EndProject
Project("{9A19103F-16F7-4668-BE54-9A1E7A4F7556}") = "Category.Dmcuahang", "..\Category\Category.Dmcuahang\Category.Dmcuahang.csproj", "{B9DBCDA5-E5D7-4427-9CD2-94A343B5EFCB}"
EndProject
Project("{9A19103F-16F7-4668-BE54-9A1E7A4F7556}") = "Category.Dmdichvu", "..\Category\Category.Dmdichvu\Category.Dmdichvu.csproj", "{1166B3F3-1504-4603-A640-F9AD77D613F6}"
EndProject
Project("{9A19103F-16F7-4668-BE54-9A1E7A4F7556}") = "Category.Dmdvcs", "..\Category\Category.Dmdvcs\Category.Dmdvcs.csproj", "{69B6490A-8768-4CEA-9B5B-D3DEFE2EFC05}"
EndProject
Project("{9A19103F-16F7-4668-BE54-9A1E7A4F7556}") = "Category.Dmdvtragop", "..\Category\Category.Dmdvtragop\Category.Dmdvtragop.csproj", "{16AEA09B-FD9A-4036-9CCE-A1F915CA02A4}"
EndProject
Project("{9A19103F-16F7-4668-BE54-9A1E7A4F7556}") = "Category.Dmgia_bl", "..\Category\Category.Dmgia_bl\Category.Dmgia_bl.csproj", "{0AE897F5-75C3-4DB6-ADA5-1F8BF88E9425}"
EndProject
Project("{9A19103F-16F7-4668-BE54-9A1E7A4F7556}") = "Category.Dmgia_imei", "..\Category\Category.Dmgia_imei\Category.Dmgia_imei.csproj", "{6A772AE1-6894-45C4-9F65-48ECE418582A}"
EndProject
Project("{9A19103F-16F7-4668-BE54-9A1E7A4F7556}") = "Category.Dmhhthuho", "..\Category\Category.Dmhhthuho\Category.Dmhhthuho.csproj", "{5BC8993B-7099-4913-8ADB-1DFC9B5143DE}"
EndProject
Project("{9A19103F-16F7-4668-BE54-9A1E7A4F7556}") = "Category.Dmkh", "..\Category\Category.Dmkh\Category.Dmkh.csproj", "{6FCC8535-31B9-48D1-937D-A18827EBC0FC}"
EndProject
Project("{9A19103F-16F7-4668-BE54-9A1E7A4F7556}") = "Category.Dmkho", "..\Category\Category.Dmkho\Category.Dmkho.csproj", "{4822BB25-87A8-499C-980C-3558A9F07CB2}"
EndProject
Project("{9A19103F-16F7-4668-BE54-9A1E7A4F7556}") = "Category.Dmloaikho", "..\Category\Category.Dmloaikho\Category.Dmloaikho.csproj", "{53F3EDDF-3256-49C1-A9CE-0F963FBEFBE4}"
EndProject
Project("{9A19103F-16F7-4668-BE54-9A1E7A4F7556}") = "Category.Dmloaithuho", "..\Category\Category.Dmloaithuho\Category.Dmloaithuho.csproj", "{F604C513-B106-4F8C-BFCF-224C8D30248F}"
EndProject
Project("{9A19103F-16F7-4668-BE54-9A1E7A4F7556}") = "Category.Dmmagd", "..\Category\Category.Dmmagd\Category.Dmmagd.csproj", "{41F180B5-6117-4DE1-AA27-045C6C631645}"
EndProject
Project("{9A19103F-16F7-4668-BE54-9A1E7A4F7556}") = "Category.Dmphuongxa", "..\Category\Category.Dmphuongxa\Category.Dmphuongxa.csproj", "{FE8120F9-35D8-4E19-9B6B-7C7B94194D16}"
EndProject
Project("{9A19103F-16F7-4668-BE54-9A1E7A4F7556}") = "Category.Dmmd", "..\Category\Category.Dmmd\Category.Dmmd.csproj", "{2A7B99F7-5937-4D84-83BA-6348066F8B87}"
EndProject
Project("{9A19103F-16F7-4668-BE54-9A1E7A4F7556}") = "Category.Dmnt", "..\Category\Category.Dmnt\Category.Dmnt.csproj", "{5644A821-A480-4E39-AAA8-311F83022035}"
EndProject
Project("{9A19103F-16F7-4668-BE54-9A1E7A4F7556}") = "Category.Dmquanhuyen", "..\Category\Category.Dmquanhuyen\Category.Dmquanhuyen.csproj", "{DC0BC58E-219D-4F11-822F-7B7968065455}"
EndProject
Project("{9A19103F-16F7-4668-BE54-9A1E7A4F7556}") = "Category.Dmsukien", "..\Category\Category.Dmsukien\Category.Dmsukien.csproj", "{65C8A595-74D8-4ABF-8108-ABC96C43F2BF}"
EndProject
Project("{9A19103F-16F7-4668-BE54-9A1E7A4F7556}") = "Category.Dmthanhtoan", "..\Category\Category.Dmthanhtoan\Category.Dmthanhtoan.csproj", "{60DE6E3E-FCEA-4772-9ABA-831E7FCDE860}"
EndProject
Project("{9A19103F-16F7-4668-BE54-9A1E7A4F7556}") = "Category.Dmthue", "..\Category\Category.Dmthue\Category.Dmthue.csproj", "{0B0DB8DC-2FDE-42E6-8EEB-538912B18F2E}"
EndProject
Project("{9A19103F-16F7-4668-BE54-9A1E7A4F7556}") = "Category.Dmtinhthanh", "..\Category\Category.Dmtinhthanh\Category.Dmtinhthanh.csproj", "{D7D38A23-49D0-4DFE-83D1-525FF57048B9}"
EndProject
Project("{9A19103F-16F7-4668-BE54-9A1E7A4F7556}") = "Category.Dmtknh", "..\Category\Category.Dmtknh\Category.Dmtknh.csproj", "{06FEADC9-AA63-4C90-B18E-7C81C9A41944}"
EndProject
Project("{9A19103F-16F7-4668-BE54-9A1E7A4F7556}") = "Category.Dmttct", "..\Category\Category.Dmttct\Category.Dmttct.csproj", "{77E9D37D-1108-4EDC-928F-89EC93A2623F}"
EndProject
Project("{9A19103F-16F7-4668-BE54-9A1E7A4F7556}") = "Category.Dmvt", "..\Category\Category.Dmvt\Category.Dmvt.csproj", "{271B89ED-4DB8-4008-8FD5-C56E3C61D2E7}"
EndProject
Project("{9A19103F-16F7-4668-BE54-9A1E7A4F7556}") = "Category.Menu_api", "..\Category\Category.Menu_api\Category.Menu_api.csproj", "{28B5FCA3-AF54-460B-8729-7DD17DD751AB}"
EndProject
Project("{9A19103F-16F7-4668-BE54-9A1E7A4F7556}") = "Category.EvenGiveAway", "..\Category\Category.EvenGiveAway\Category.EvenGiveAway.csproj", "{E2D97293-658B-4A8D-98E2-12298E36628B}"
EndProject
Project("{9A19103F-16F7-4668-BE54-9A1E7A4F7556}") = "Category.Vdmctmoban", "..\Category\Category.Vdmctmoban\Category.Vdmctmoban.csproj", "{1FE6D88F-DDF3-449A-AB0A-59134F0D9617}"
EndProject
Project("{9A19103F-16F7-4668-BE54-9A1E7A4F7556}") = "Category.Resources", "..\Category\Category.Resources\Category.Resources.csproj", "{9D277E73-E676-4163-B2CA-325D58C2AC06}"
EndProject
Project("{2150E333-8FDC-42A3-9474-1A3956D46DE8}") = "Category", "Category", "{D7CDE845-7D16-4D7B-9FF4-5882CF9F38F6}"
EndProject
Project("{9A19103F-16F7-4668-BE54-9A1E7A4F7556}") = "Category.Vdmdichvu", "..\Category\Category.Vdmdichvu\Category.Vdmdichvu.csproj", "{FDB3A6AD-8213-4601-8A41-DFEDBC0BFC31}"
EndProject
Project("{9A19103F-16F7-4668-BE54-9A1E7A4F7556}") = "Customer", "..\Category\Customer\Customer.csproj", "{8BA96BD8-BFDA-473E-9CB8-24193265E7CF}"
EndProject
Project("{9A19103F-16F7-4668-BE54-9A1E7A4F7556}") = "Commission", "..\Category\Commission\Commission.csproj", "{445A7C27-9F49-4B61-8E4A-3BA519ED6CD4}"
EndProject
Project("{9A19103F-16F7-4668-BE54-9A1E7A4F7556}") = "EventGiveAway", "..\Category\EventGiveAway\EventGiveAway.csproj", "{F08E704F-6519-4D6F-8F32-49B8E4315E64}"
EndProject
Project("{9A19103F-16F7-4668-BE54-9A1E7A4F7556}") = "Imei", "..\Category\Imei\Imei.csproj", "{80B973E7-EED9-4EE5-86A8-48BFEAD53508}"
EndProject
Project("{9A19103F-16F7-4668-BE54-9A1E7A4F7556}") = "Option", "..\Category\Option\Option.csproj", "{DF012C47-9D16-4DFF-8D6B-4DC1C99E1CDA}"
EndProject
Project("{9A19103F-16F7-4668-BE54-9A1E7A4F7556}") = "Price", "..\Category\Price\Price.csproj", "{D2F9ECCB-FBD9-4062-9399-6AEA1BEBCA85}"
EndProject
Project("{2150E333-8FDC-42A3-9474-1A3956D46DE8}") = "Voucher", "Voucher", "{5B528E59-011A-4B15-B331-273D9C39BC11}"
EndProject
Project("{9A19103F-16F7-4668-BE54-9A1E7A4F7556}") = "Voucher.CDTran_PCH", "..\Voucher\Voucher.CDTran_PCH\Voucher.CDTran_PCH.csproj", "{A4002BEC-A4AE-420D-BEFA-A2F6C633891E}"
EndProject
Project("{9A19103F-16F7-4668-BE54-9A1E7A4F7556}") = "Voucher.DRTran", "..\Voucher\Voucher.DRTran\Voucher.DRTran.csproj", "{53843D97-87FB-41E6-8DD0-4D620A701C7E}"
EndProject
Project("{9A19103F-16F7-4668-BE54-9A1E7A4F7556}") = "Voucher.IPNTran", "..\Voucher\Voucher.IPNTran\Voucher.IPNTran.csproj", "{1C6D866C-4BCB-41C2-9915-194DA6AE6B23}"
EndProject
Project("{9A19103F-16F7-4668-BE54-9A1E7A4F7556}") = "Voucher.IPTran", "..\Voucher\Voucher.IPTran\Voucher.IPTran.csproj", "{A9327EC5-FB57-405D-A4ED-F8197656384A}"
EndProject
Project("{9A19103F-16F7-4668-BE54-9A1E7A4F7556}") = "Voucher.IRTran_PNM", "..\Voucher\Voucher.IRTran_PNM\Voucher.IRTran_PNM.csproj", "{5EC1671D-1AD5-4204-925F-3223B06D198A}"
EndProject
Project("{9A19103F-16F7-4668-BE54-9A1E7A4F7556}") = "Voucher.ISTran_PXK", "..\Voucher\Voucher.ISTran_PXK\Voucher.ISTran_PXK.csproj", "{C80807A3-EB13-4DE2-823E-BB55F24544DF}"
EndProject
Project("{9A19103F-16F7-4668-BE54-9A1E7A4F7556}") = "Voucher.ISTran_PXM", "..\Voucher\Voucher.ISTran_PXM\Voucher.ISTran_PXM.csproj", "{86E7F1FB-7F1A-4FFF-BCDB-E78EFB8EA20C}"
EndProject
Project("{9A19103F-16F7-4668-BE54-9A1E7A4F7556}") = "Voucher.ITNTran", "..\Voucher\Voucher.ITNTran\Voucher.ITNTran.csproj", "{5F7E2D4B-9BDA-43CF-96FC-CA9CFEF3428B}"
EndProject
Project("{9A19103F-16F7-4668-BE54-9A1E7A4F7556}") = "Voucher.ITTran", "..\Voucher\Voucher.ITTran\Voucher.ITTran.csproj", "{FF0518BC-BCF2-44AA-9092-172A2C7369B3}"
EndProject
Project("{9A19103F-16F7-4668-BE54-9A1E7A4F7556}") = "Voucher.OPTran", "..\Voucher\Voucher.OPTran\Voucher.OPTran.csproj", "{A782BE1B-ED71-4C26-98E6-32B2D958D11C}"
EndProject
Project("{9A19103F-16F7-4668-BE54-9A1E7A4F7556}") = "Voucher.ORTran", "..\Voucher\Voucher.ORTran\Voucher.ORTran.csproj", "{0002F40A-133B-418E-81FE-27592E055C07}"
EndProject
Project("{9A19103F-16F7-4668-BE54-9A1E7A4F7556}") = "Voucher.PCCTran", "..\Voucher\Voucher.PCCTran\Voucher.PCCTran.csproj", "{498E8B0D-222B-466F-9090-24D9DE622A3B}"
EndProject
Project("{9A19103F-16F7-4668-BE54-9A1E7A4F7556}") = "Voucher.PR3Tran", "..\Voucher\Voucher.PR3Tran\Voucher.PR3Tran.csproj", "{77B041DA-C284-47AC-880F-EDCEC280A3C0}"
EndProject
Project("{9A19103F-16F7-4668-BE54-9A1E7A4F7556}") = "Voucher.PTCTran", "..\Voucher\Voucher.PTCTran\Voucher.PTCTran.csproj", "{80BEEEEB-3692-49D3-9901-DC6DCF05CF40}"
EndProject
Project("{9A19103F-16F7-4668-BE54-9A1E7A4F7556}") = "Voucher.PTHTran", "..\Voucher\Voucher.PTHTran\Voucher.PTHTran.csproj", "{FDE774C3-52BA-4586-A832-82D47AE4FD36}"
EndProject
Project("{9A19103F-16F7-4668-BE54-9A1E7A4F7556}") = "Voucher.RPTran", "..\Voucher\Voucher.RPTran\Voucher.RPTran.csproj", "{C260FA9C-1797-4A39-BA88-F5D85D2042F4}"
EndProject
Project("{9A19103F-16F7-4668-BE54-9A1E7A4F7556}") = "Voucher.RUTran", "..\Voucher\Voucher.RUTran\Voucher.RUTran.csproj", "{AE8B03A3-44BC-498F-846E-3C53A981620A}"
EndProject
Project("{9A19103F-16F7-4668-BE54-9A1E7A4F7556}") = "Voucher.SVTran_BHB", "..\Voucher\Voucher.SVTran_BHB\Voucher.SVTran_BHB.csproj", "{FC0A9F2F-7007-4E55-84F8-AA452B2AB383}"
EndProject
Project("{9A19103F-16F7-4668-BE54-9A1E7A4F7556}") = "Voucher.SVTran_BHC", "..\Voucher\Voucher.SVTran_BHC\Voucher.SVTran_BHC.csproj", "{40B7A353-977D-4AD4-BACF-2332CC829F07}"
EndProject
Project("{9A19103F-16F7-4668-BE54-9A1E7A4F7556}") = "Voucher.SVTran_BHD", "..\Voucher\Voucher.SVTran_BHD\Voucher.SVTran_BHD.csproj", "{B0D745D2-CB93-47D4-BA84-75308EEB92F5}"
EndProject
Project("{9A19103F-16F7-4668-BE54-9A1E7A4F7556}") = "Voucher.SVTran_BHE", "..\Voucher\Voucher.SVTran_BHE\Voucher.SVTran_BHE.csproj", "{60E90D4C-A604-4F9E-A0D7-313F4D8BFCD2}"
EndProject
Project("{9A19103F-16F7-4668-BE54-9A1E7A4F7556}") = "Voucher.SVTran_BHF", "..\Voucher\Voucher.SVTran_BHF\Voucher.SVTran_BHF.csproj", "{7912FDC1-8A05-4918-A0C9-5CB309B666F8}"
EndProject
Project("{9A19103F-16F7-4668-BE54-9A1E7A4F7556}") = "Voucher.SVTran_BHG", "..\Voucher\Voucher.SVTran_BHG\Voucher.SVTran_BHG.csproj", "{D23EBD8C-745E-4ECF-834A-CA35C43D0867}"
EndProject
Project("{9A19103F-16F7-4668-BE54-9A1E7A4F7556}") = "Voucher.SVTran_BHI", "..\Voucher\Voucher.SVTran_BHI\Voucher.SVTran_BHI.csproj", "{7551D6AE-B60D-40AC-8A33-BC904A41D977}"
EndProject
Project("{9A19103F-16F7-4668-BE54-9A1E7A4F7556}") = "Voucher.SVTran_BHK", "..\Voucher\Voucher.SVTran_BHK\Voucher.SVTran_BHK.csproj", "{8FDB40A3-2F80-4F47-9FA9-0E4D203B601B}"
EndProject
Project("{9A19103F-16F7-4668-BE54-9A1E7A4F7556}") = "Voucher.SVTran_BHW", "..\Voucher\Voucher.SVTran_BHW\Voucher.SVTran_BHW.csproj", "{1E968706-83F2-49F7-9F78-1E1219C130B0}"
EndProject
Project("{9A19103F-16F7-4668-BE54-9A1E7A4F7556}") = "Voucher.SVTran_DV1", "..\Voucher\Voucher.SVTran_DV1\Voucher.SVTran_DV1.csproj", "{FA1FC550-CB5C-4155-AB07-79778F120087}"
EndProject
Project("{9A19103F-16F7-4668-BE54-9A1E7A4F7556}") = "Voucher.SVTran_DXA", "..\Voucher\Voucher.SVTran_DXA\Voucher.SVTran_DXA.csproj", "{C87E5909-D7D1-4293-8257-1696C7F2239B}"
EndProject
Project("{9A19103F-16F7-4668-BE54-9A1E7A4F7556}") = "Voucher.SVTran_HD3", "..\Voucher\Voucher.SVTran_HD3\Voucher.SVTran_HD3.csproj", "{204F80CF-1DFA-442D-9FAD-14BBDA2CA6C2}"
EndProject
Project("{9A19103F-16F7-4668-BE54-9A1E7A4F7556}") = "Voucher.SVTran_HDF", "..\Voucher\Voucher.SVTran_HDF\Voucher.SVTran_HDF.csproj", "{42D4B09A-7F40-4B0A-9014-E1C81D7E354C}"
EndProject
Project("{9A19103F-16F7-4668-BE54-9A1E7A4F7556}") = "Voucher.SVTran_MHA", "..\Voucher\Voucher.SVTran_MHA\Voucher.SVTran_MHA.csproj", "{7540A918-B7D4-4EEC-9AE1-811DA76DF484}"
EndProject
Project("{2150E333-8FDC-42A3-9474-1A3956D46DE8}") = "Report", "Report", "{99C7C2A8-3ADB-4A5C-AFBA-3DEC194419DE}"
EndProject
Project("{9A19103F-16F7-4668-BE54-9A1E7A4F7556}") = "Report.RptStockBalance", "..\Report\Report.RptStockBalance\Report.RptStockBalance.csproj", "{C013F995-4F52-4F6B-A105-2EFC02702A73}"
EndProject
Project("{9A19103F-16F7-4668-BE54-9A1E7A4F7556}") = "Report", "..\Report\RPT\Report.csproj", "{79079AF3-D7F6-4FDD-9D6F-254B31770253}"
EndProject
Project("{9A19103F-16F7-4668-BE54-9A1E7A4F7556}") = "Report.RptStockBalanceImei", "..\Report\Report.RptStockBalanceImei\Report.RptStockBalanceImei.csproj", "{01BBB613-C7A6-41FD-A603-6C1E8E67067B}"
EndProject
Project("{9A19103F-16F7-4668-BE54-9A1E7A4F7556}") = "Report.RptStockSummary", "..\Report\Report.RptStockSummary\Report.RptStockSummary.csproj", "{93C5E493-2B98-41A7-AF39-17C866164A2E}"
EndProject
Project("{9A19103F-16F7-4668-BE54-9A1E7A4F7556}") = "Report.RptTransactionHistoryCustomer", "..\Report\Report.RptTransactionHistoryCustomer\Report.RptTransactionHistoryCustomer.csproj", "{941436C9-0767-4B1E-A76F-96F89BD72762}"
EndProject
Project("{9A19103F-16F7-4668-BE54-9A1E7A4F7556}") = "Report.RptTransactionHistoryImei", "..\Report\Report.RptTransactionHistoryImei\Report.RptTransactionHistoryImei.csproj", "{426377E9-A6D5-485F-8F9C-89579EABFF6D}"
EndProject
Project("{9A19103F-16F7-4668-BE54-9A1E7A4F7556}") = "Voucher.PVTran2", "..\Voucher\Voucher.PVTran2\Voucher.PVTran2.csproj", "{A44F5271-6699-4789-B588-222AE4A92CC9}"
EndProject
Project("{9A19103F-16F7-4668-BE54-9A1E7A4F7556}") = "Report.RptListofEmployeesAndPositions", "..\Report\Report.RptListofEmployeesAndPositions\Report.RptListofEmployeesAndPositions.csproj", "{D0CC94E7-ED93-487F-A205-1CC821F58564}"
EndProject
Project("{9A19103F-16F7-4668-BE54-9A1E7A4F7556}") = "Category.Dmnvbh", "..\Category\Category.Dmnvbh\Category.Dmnvbh.csproj", "{A952437A-B23F-42F6-B83A-1D1F4FFE3624}"
EndProject
Project("{9A19103F-16F7-4668-BE54-9A1E7A4F7556}") = "Report.RptSalespersonCommission", "..\Report\Report.RptSalespersonCommission\Report.RptSalespersonCommission.csproj", "{2D3464E5-4634-45F7-90FB-BC61D3FE1755}"
EndProject
Project("{9A19103F-16F7-4668-BE54-9A1E7A4F7556}") = "Report.RptImeiAgeReport", "..\Report\Report.RptImeiAgeReport\Report.RptImeiAgeReport.csproj", "{69E5AF7F-D2F9-4FA6-884A-946B0F6A3715}"
EndProject
Project("{9A19103F-16F7-4668-BE54-9A1E7A4F7556}") = "Category.Dmnhvt", "..\Category\Category.Dmnhvt\Category.Dmnhvt.csproj", "{6C8C1932-A0CA-493B-834E-7B77826F3204}"
EndProject
Project("{9A19103F-16F7-4668-BE54-9A1E7A4F7556}") = "Report.RptStockBalanceImeiFIFO", "..\Report\Report.RptStockBalanceImeiFIFO\Report.RptStockBalanceImeiFIFO.csproj", "{91E70B4C-8C7B-46D5-8E10-F37BA8D16039}"
EndProject
Project("{9A19103F-16F7-4668-BE54-9A1E7A4F7556}") = "Report.RptImeiReport", "..\Report\Report.RptImeiReport\Report.RptImeiReport.csproj", "{0031C195-7F07-4590-8244-368C36E84936}"
EndProject
Project("{9A19103F-16F7-4668-BE54-9A1E7A4F7556}") = "DiscountCode", "..\Category\DiscountCode\DiscountCode.csproj", "{ABD8CC41-EA6C-4538-9D01-5A44BC9FD182}"
EndProject
Project("{9A19103F-16F7-4668-BE54-9A1E7A4F7556}") = "Category.Dmtd2", "..\Category\Category.Dmtd2\Category.Dmtd2.csproj", "{8E999207-1389-4FC2-8DC5-F96CB23A96EF}"
EndProject
Project("{9A19103F-16F7-4668-BE54-9A1E7A4F7556}") = "Employee", "..\Category\Employee\Employee.csproj", "{2CDE7023-89B9-40E2-95A9-329759932B24}"
EndProject
Project("{9A19103F-16F7-4668-BE54-9A1E7A4F7556}") = "Service", "..\Category\Service\Service.csproj", "{892FD349-2E68-48C3-A404-2F54B40836CE}"
EndProject
Project("{9A19103F-16F7-4668-BE54-9A1E7A4F7556}") = "Category.Dmhddt_httt", "..\Category\Category.Dmhddt_httt\Category.Dmhddt_httt.csproj", "{2F3F2753-9C3C-4403-80F2-C4206EB94887}"
EndProject
Project("{9A19103F-16F7-4668-BE54-9A1E7A4F7556}") = "Category.Dmvv", "..\Category\Category.Dmvv\Category.Dmvv.csproj", "{4F07A0F2-AE00-41BB-9C38-8B13B1F7555A}"
EndProject
Project("{9A19103F-16F7-4668-BE54-9A1E7A4F7556}") = "Report.RptCheckInventory", "..\Report\Report.RptCheckInventory\Report.RptCheckInventory.csproj", "{14685ED4-B4E0-4101-ADA4-73A538033B62}"
EndProject
Project("{9A19103F-16F7-4668-BE54-9A1E7A4F7556}") = "Voucher.SVTran_HDR", "..\Voucher\Voucher.SVTran_HDR\Voucher.SVTran_HDR.csproj", "{45F740A6-95CD-4C02-B1A7-5984BC779CF6}"
EndProject
Project("{9A19103F-16F7-4668-BE54-9A1E7A4F7556}") = "Genbyte.Component.Category", "..\..\Component\Genbyte.Component.Category\Genbyte.Component.Category.csproj", "{AB6F57A6-0710-44FF-B6CD-FFA14116C645}"
EndProject
Project("{9A19103F-16F7-4668-BE54-9A1E7A4F7556}") = "Genbyte.Component.Report", "..\..\Component\Genbyte.Component.Report\Genbyte.Component.Report.csproj", "{A7512488-E1E6-448A-8316-C4895AD8DB60}"
EndProject
Project("{9A19103F-16F7-4668-BE54-9A1E7A4F7556}") = "Genbyte.Component.Voucher", "..\..\Component\Genbyte.Component.Voucher\Genbyte.Component.Voucher.csproj", "{A13DDDA4-2225-47B0-B239-E938D36D7BD1}"
EndProject
Project("{9A19103F-16F7-4668-BE54-9A1E7A4F7556}") = "Genbyte.Sys.Common", "..\..\System\Genbyte.Sys.Common\Genbyte.Sys.Common.csproj", "{CAE2FBC7-E40E-40F1-8851-4B281F5DF762}"
EndProject
Project("{9A19103F-16F7-4668-BE54-9A1E7A4F7556}") = "Genbyte.Base.CoreLib", "..\..\System\Genbyte.Base.CoreLib\Genbyte.Base.CoreLib.csproj", "{B00F8336-B00C-4C7B-B9FA-E35613BD05B7}"
EndProject
Project("{9A19103F-16F7-4668-BE54-9A1E7A4F7556}") = "Genbyte.Base.Security", "..\..\Security\Genbyte.Base.Security\Genbyte.Base.Security.csproj", "{7587E1C3-0A84-4A9B-ADFF-DE1AC2D4AB86}"
EndProject
Project("{9A19103F-16F7-4668-BE54-9A1E7A4F7556}") = "Genbyte.Sys.AppAuth", "..\..\Security\Genbyte.Sys.AppAuth\Genbyte.Sys.AppAuth.csproj", "{5C59F5FB-5C1A-426A-A1C3-54A94C4A603B}"
EndProject
Project("{9A19103F-16F7-4668-BE54-9A1E7A4F7556}") = "Report.RptEndofShiftReport", "..\Report\Report.RptEndofShiftReport\Report.RptEndofShiftReport.csproj", "{499C4C6A-1F09-40D5-9A22-44F2837599E6}"
EndProject
Project("{9A19103F-16F7-4668-BE54-9A1E7A4F7556}") = "Category.Dmdvthuho", "..\Category\Category.Dmdvthuho\Category.Dmdvthuho.csproj", "{096C6605-9562-4501-A04D-1D631F57431B}"
EndProject
Project("{9A19103F-16F7-4668-BE54-9A1E7A4F7556}") = "Category.Vdmgia_bl", "..\Category\Category.Vdmgia_bl\Category.Vdmgia_bl.csproj", "{8008D8BE-5241-4FA8-B92B-E12630C9A9F7}"
EndProject
Project("{9A19103F-16F7-4668-BE54-9A1E7A4F7556}") = "Report.RptPaymentMethodsDetail", "..\Report\Report.RptPaymentMethods\Report.RptPaymentMethodsDetail.csproj", "{FA772BA4-DBF6-4380-8764-5089CAA7B6D7}"
EndProject
Project("{9A19103F-16F7-4668-BE54-9A1E7A4F7556}") = "Report.RptStockBalanceImeiByRow", "..\Report\Report.RptStockBalanceImeiByRow\Report.RptStockBalanceImeiByRow.csproj", "{FFB02313-ECE9-46FB-A42F-40A4E1FEF396}"
EndProject
Project("{9A19103F-16F7-4668-BE54-9A1E7A4F7556}") = "Report.RptSuppliesOnTheRoadReport", "..\Report\Report.RptSuppliesOnTheRoadReport\Report.RptSuppliesOnTheRoadReport.csproj", "{F90FA4F4-E973-40EE-B7A2-A1BC5248C09E}"
EndProject
Project("{9A19103F-16F7-4668-BE54-9A1E7A4F7556}") = "Report.RptSaleByImei", "..\Report\Report.RptSaleByImei\Report.RptSaleByImei.csproj", "{9EB6C341-76CD-475B-B441-D0CB75A47986}"
EndProject
Project("{9A19103F-16F7-4668-BE54-9A1E7A4F7556}") = "Report.RptCustomerBalanceOfMultiAccount", "..\Report\Report.RptCustomerBalanceOfMultiAccount\Report.RptCustomerBalanceOfMultiAccount.csproj", "{1E14B75F-AB0F-4E57-A60D-019A403DD865}"
EndProject
Project("{9A19103F-16F7-4668-BE54-9A1E7A4F7556}") = "Report.RptDCCustomers", "..\Report\Report.RptDCCustomers\Report.RptDCCustomers.csproj", "{12E1A996-7166-4A50-8AE1-1916A396D231}"
EndProject
Project("{9A19103F-16F7-4668-BE54-9A1E7A4F7556}") = "Genbyte.Sys.ExcelSAXExport", "..\..\System\Genbyte.Sys.ExcelSAXExport\Genbyte.Sys.ExcelSAXExport.csproj", "{84297DDB-BA74-43AB-88A4-7CCB602C3261}"
EndProject
Project("{9A19103F-16F7-4668-BE54-9A1E7A4F7556}") = "Report.RptRetailPrice", "..\Report\Report.RptRetailPrice\Report.RptRetailPrice.csproj", "{3BF1B1EA-D369-481D-B8F3-9095C6D1BB59}"
EndProject
Project("{9A19103F-16F7-4668-BE54-9A1E7A4F7556}") = "Voucher.ISTran_PXW", "..\Voucher\Voucher.ISTran_PXW\Voucher.ISTran_PXW.csproj", "{117C66DA-F10D-4BB8-B280-DAF7CC1165E1}"
EndProject
Project("{9A19103F-16F7-4668-BE54-9A1E7A4F7556}") = "Voucher.IRTran_PNW", "..\Voucher\Voucher.IRTran_PNW\Voucher.IRTran_PNW.csproj", "{E689B87C-42EF-4F8C-8A16-36F3B76E6BAF}"
EndProject
Project("{9A19103F-16F7-4668-BE54-9A1E7A4F7556}") = "Category.Dmtt", "..\Category\Category.Dmtt\Category.Dmtt.csproj", "{10DC31C5-3ED8-4493-B3D3-5777103E52BF}"
EndProject
Project("{9A19103F-16F7-4668-BE54-9A1E7A4F7556}") = "Report.RptReceiptTransactionListByImei", "..\Report\Report.RptReceiptTransactionListByImei\Report.RptReceiptTransactionListByImei.csproj", "{83DCC051-2CDF-461C-9341-F761F73B202E}"
EndProject
Project("{9A19103F-16F7-4668-BE54-9A1E7A4F7556}") = "Report.RptAccountsReceivableReport", "..\Report\Report.RptAccountsReceivableReport\Report.RptAccountsReceivableReport.csproj", "{6775BAFF-7A6F-48DD-AEF6-36F3513A194D}"
EndProject
Project("{9A19103F-16F7-4668-BE54-9A1E7A4F7556}") = "Report.RptAccountsPayableReport", "..\Report\Report.RptAccountsPayableReport\Report.RptAccountsPayableReport.csproj", "{D09487D9-A9F9-47F5-85FA-F18A1E135BA8}"
EndProject
Project("{9A19103F-16F7-4668-BE54-9A1E7A4F7556}") = "Report.RptIssueTransactionListByImei", "..\Report\Report.RptIssueTransactionListByImei\Report.RptIssueTransactionListByImei.csproj", "{2BC02583-DBC4-4FAA-AF01-3173298529D9}"
EndProject
Project("{9A19103F-16F7-4668-BE54-9A1E7A4F7556}") = "Category.Dmnganhangpht", "..\Category\Category.Dmnganhangpht\Category.Dmnganhangpht.csproj", "{5068029F-3E84-498C-8CB4-6A3D98834BB6}"
EndProject
Project("{9A19103F-16F7-4668-BE54-9A1E7A4F7556}") = "Voucher.ITTran_PXB2", "..\Voucher\Voucher.ITTran_PXB2\Voucher.ITTran_PXB2.csproj", "{1D6C9599-1871-4BC4-AB55-24B374BAE63A}"
EndProject
Project("{9A19103F-16F7-4668-BE54-9A1E7A4F7556}") = "Voucher.IPTran_PNF2", "..\Voucher\Voucher.IPTran_PNF2\Voucher.IPTran_PNF2.csproj", "{4041FF35-3DE1-47D6-9E04-AD46C1BF2E73}"
EndProject
Project("{9A19103F-16F7-4668-BE54-9A1E7A4F7556}") = "Voucher.KKTran", "..\Voucher\Voucher.KKTran\Voucher.KKTran.csproj", "{3160BEFD-CE38-41C5-A3CF-9B3098FDFA51}"
EndProject
Project("{9A19103F-16F7-4668-BE54-9A1E7A4F7556}") = "Category.Dmnganhhang", "..\Category\Category.Dmnganhhang\Category.Dmnganhhang.csproj", "{C53D1E57-20D0-4CE0-99BF-33F7F750FB70}"
EndProject
Project("{9A19103F-16F7-4668-BE54-9A1E7A4F7556}") = "Report.RptImported", "..\Report\Report.RptImported\Report.RptImported.csproj", "{46413476-9B55-4CB1-B59C-ED42E43AAF4A}"
EndProject
Project("{9A19103F-16F7-4668-BE54-9A1E7A4F7556}") = "Voucher.SVTran_XD1", "..\Voucher\Voucher.SVTran_XD1\Voucher.SVTran_XD1.csproj", "{2E1FB337-DAEC-4B0D-8AEB-9346D423F280}"
EndProject
Project("{9A19103F-16F7-4668-BE54-9A1E7A4F7556}") = "Voucher.SVTran_XD2", "..\Voucher\Voucher.SVTran_XD2\Voucher.SVTran_XD2.csproj", "{76EB467C-78EE-4723-94A9-75D03590D8B1}"
EndProject
Project("{9A19103F-16F7-4668-BE54-9A1E7A4F7556}") = "Report.RptDashboardSales", "..\Report\Report.RptDashboardSales\Report.RptDashboardSales.csproj", "{E9FC976C-28A3-4558-846E-48A24C45C561}"
EndProject
Project("{9A19103F-16F7-4668-BE54-9A1E7A4F7556}") = "Report.RptDashboardTopSelling", "..\Report\Report.RptDashboardTopSelling\Report.RptDashboardTopSelling.csproj", "{A9676711-5EA1-4D53-86B8-55950421F30E}"
EndProject
Project("{9A19103F-16F7-4668-BE54-9A1E7A4F7556}") = "MenuRight", "..\Category\MenuRight\MenuRight.csproj", "{FC2B1DEA-A8DA-4C60-B96B-65D7F00C74F3}"
EndProject
Project("{9A19103F-16F7-4668-BE54-9A1E7A4F7556}") = "Voucher.CDTran_PCF", "..\Voucher\Voucher.CDTran_PCF\Voucher.CDTran_PCF.csproj", "{B728F05C-F5E2-4A65-989D-EC4F1BF52010}"
EndProject
Project("{9A19103F-16F7-4668-BE54-9A1E7A4F7556}") = "Report.RptLookupInventory", "..\Report\Report.RptLookupInventory\Report.RptLookupInventory.csproj", "{A21F4711-8763-4847-9495-72F93EE8F809}"
EndProject
Project("{9A19103F-16F7-4668-BE54-9A1E7A4F7556}") = "Report.RptPaymentBank", "..\Report\Report.RptPaymentBank\Report.RptPaymentBank.csproj", "{1A4593CC-F51C-4AAA-9760-53B7C584B0E8}"
EndProject
Project("{9A19103F-16F7-4668-BE54-9A1E7A4F7556}") = "Report.RptDashboardSalesCommission", "..\Report\Report.RptDashboardSalesCommission\Report.RptDashboardSalesCommission.csproj", "{FE0C2F25-E12C-401D-8C5B-3938A4F0B248}"
EndProject
Project("{9A19103F-16F7-4668-BE54-9A1E7A4F7556}") = "Category.Vdmkho", "..\Category\Category.Vdmkho\Category.Vdmkho.csproj", "{FE49AF70-2155-4AA7-BE37-47DF5E4EFE17}"
EndProject
Project("{9A19103F-16F7-4668-BE54-9A1E7A4F7556}") = "Report.RptDashboardSalesStats", "..\Report\Report.RptDashboardSalesStats\Report.RptDashboardSalesStats.csproj", "{D511DB49-AFE5-43DA-A957-6E03F42C0524}"
EndProject
Project("{9A19103F-16F7-4668-BE54-9A1E7A4F7556}") = "Category.Vdmnvls", "..\Category\Category.Dmnvls\Category.Vdmnvls.csproj", "{C3C7EEC8-C67A-4710-9473-5B89630A0172}"
EndProject
Project("{9A19103F-16F7-4668-BE54-9A1E7A4F7556}") = "Report.RptSellHcare", "..\Report\Report.RptSellHcare\Report.RptSellHcare.csproj", "{47E7AE08-C34E-4FAF-AC54-308B753F5AC9}"
EndProject
Project("{9A19103F-16F7-4668-BE54-9A1E7A4F7556}") = "Category.Dmphi", "..\Category\Category.Dmphi\Category.Dmphi.csproj", "{A92ABA4D-304F-438D-8803-E118F9D47BED}"
EndProject
Global
	GlobalSection(SolutionConfigurationPlatforms) = preSolution
		Debug|Any CPU = Debug|Any CPU
		Release|Any CPU = Release|Any CPU
	EndGlobalSection
	GlobalSection(ProjectConfigurationPlatforms) = postSolution
		{1B619D83-5236-41A5-BC6A-DFE5D0408B69}.Debug|Any CPU.ActiveCfg = Debug|Any CPU
		{1B619D83-5236-41A5-BC6A-DFE5D0408B69}.Debug|Any CPU.Build.0 = Debug|Any CPU
		{1B619D83-5236-41A5-BC6A-DFE5D0408B69}.Release|Any CPU.ActiveCfg = Release|Any CPU
		{1B619D83-5236-41A5-BC6A-DFE5D0408B69}.Release|Any CPU.Build.0 = Release|Any CPU
		{88C09823-A969-4B74-8770-B20AB56B9AB3}.Debug|Any CPU.ActiveCfg = Debug|Any CPU
		{88C09823-A969-4B74-8770-B20AB56B9AB3}.Debug|Any CPU.Build.0 = Debug|Any CPU
		{88C09823-A969-4B74-8770-B20AB56B9AB3}.Release|Any CPU.ActiveCfg = Release|Any CPU
		{88C09823-A969-4B74-8770-B20AB56B9AB3}.Release|Any CPU.Build.0 = Release|Any CPU
		{2472F9F6-C6AD-4255-9558-097429C643AE}.Debug|Any CPU.ActiveCfg = Debug|Any CPU
		{2472F9F6-C6AD-4255-9558-097429C643AE}.Debug|Any CPU.Build.0 = Debug|Any CPU
		{2472F9F6-C6AD-4255-9558-097429C643AE}.Release|Any CPU.ActiveCfg = Release|Any CPU
		{2472F9F6-C6AD-4255-9558-097429C643AE}.Release|Any CPU.Build.0 = Release|Any CPU
		{A1979736-C81B-48F1-9C46-482E53B9805E}.Debug|Any CPU.ActiveCfg = Debug|Any CPU
		{A1979736-C81B-48F1-9C46-482E53B9805E}.Debug|Any CPU.Build.0 = Debug|Any CPU
		{A1979736-C81B-48F1-9C46-482E53B9805E}.Release|Any CPU.ActiveCfg = Release|Any CPU
		{A1979736-C81B-48F1-9C46-482E53B9805E}.Release|Any CPU.Build.0 = Release|Any CPU
		{230B80E6-33CC-41D3-BBAC-0B8EF95BCAAB}.Debug|Any CPU.ActiveCfg = Debug|Any CPU
		{230B80E6-33CC-41D3-BBAC-0B8EF95BCAAB}.Debug|Any CPU.Build.0 = Debug|Any CPU
		{230B80E6-33CC-41D3-BBAC-0B8EF95BCAAB}.Release|Any CPU.ActiveCfg = Release|Any CPU
		{230B80E6-33CC-41D3-BBAC-0B8EF95BCAAB}.Release|Any CPU.Build.0 = Release|Any CPU
		{C060A880-8BFE-4DF4-9840-35EA10391187}.Debug|Any CPU.ActiveCfg = Debug|Any CPU
		{C060A880-8BFE-4DF4-9840-35EA10391187}.Debug|Any CPU.Build.0 = Debug|Any CPU
		{C060A880-8BFE-4DF4-9840-35EA10391187}.Release|Any CPU.ActiveCfg = Release|Any CPU
		{C060A880-8BFE-4DF4-9840-35EA10391187}.Release|Any CPU.Build.0 = Release|Any CPU
		{6EE4E108-1AC0-4EF5-AFEC-83FDFA2903E6}.Debug|Any CPU.ActiveCfg = Debug|Any CPU
		{6EE4E108-1AC0-4EF5-AFEC-83FDFA2903E6}.Debug|Any CPU.Build.0 = Debug|Any CPU
		{6EE4E108-1AC0-4EF5-AFEC-83FDFA2903E6}.Release|Any CPU.ActiveCfg = Release|Any CPU
		{6EE4E108-1AC0-4EF5-AFEC-83FDFA2903E6}.Release|Any CPU.Build.0 = Release|Any CPU
		{560C5D24-ADAB-4787-9215-64273DE81656}.Debug|Any CPU.ActiveCfg = Debug|Any CPU
		{560C5D24-ADAB-4787-9215-64273DE81656}.Debug|Any CPU.Build.0 = Debug|Any CPU
		{560C5D24-ADAB-4787-9215-64273DE81656}.Release|Any CPU.ActiveCfg = Release|Any CPU
		{560C5D24-ADAB-4787-9215-64273DE81656}.Release|Any CPU.Build.0 = Release|Any CPU
		{EBE3FB57-8A56-49EA-91E1-D5B4803FF238}.Debug|Any CPU.ActiveCfg = Debug|Any CPU
		{EBE3FB57-8A56-49EA-91E1-D5B4803FF238}.Debug|Any CPU.Build.0 = Debug|Any CPU
		{EBE3FB57-8A56-49EA-91E1-D5B4803FF238}.Release|Any CPU.ActiveCfg = Release|Any CPU
		{EBE3FB57-8A56-49EA-91E1-D5B4803FF238}.Release|Any CPU.Build.0 = Release|Any CPU
		{4A4E8A69-5BD5-443B-9D2B-235961611074}.Debug|Any CPU.ActiveCfg = Debug|Any CPU
		{4A4E8A69-5BD5-443B-9D2B-235961611074}.Debug|Any CPU.Build.0 = Debug|Any CPU
		{4A4E8A69-5BD5-443B-9D2B-235961611074}.Release|Any CPU.ActiveCfg = Release|Any CPU
		{4A4E8A69-5BD5-443B-9D2B-235961611074}.Release|Any CPU.Build.0 = Release|Any CPU
		{9055D49B-6C2F-4D89-93D7-4D42455B3C04}.Debug|Any CPU.ActiveCfg = Debug|Any CPU
		{9055D49B-6C2F-4D89-93D7-4D42455B3C04}.Debug|Any CPU.Build.0 = Debug|Any CPU
		{9055D49B-6C2F-4D89-93D7-4D42455B3C04}.Release|Any CPU.ActiveCfg = Release|Any CPU
		{9055D49B-6C2F-4D89-93D7-4D42455B3C04}.Release|Any CPU.Build.0 = Release|Any CPU
		{B9DBCDA5-E5D7-4427-9CD2-94A343B5EFCB}.Debug|Any CPU.ActiveCfg = Debug|Any CPU
		{B9DBCDA5-E5D7-4427-9CD2-94A343B5EFCB}.Debug|Any CPU.Build.0 = Debug|Any CPU
		{B9DBCDA5-E5D7-4427-9CD2-94A343B5EFCB}.Release|Any CPU.ActiveCfg = Release|Any CPU
		{B9DBCDA5-E5D7-4427-9CD2-94A343B5EFCB}.Release|Any CPU.Build.0 = Release|Any CPU
		{1166B3F3-1504-4603-A640-F9AD77D613F6}.Debug|Any CPU.ActiveCfg = Debug|Any CPU
		{1166B3F3-1504-4603-A640-F9AD77D613F6}.Debug|Any CPU.Build.0 = Debug|Any CPU
		{1166B3F3-1504-4603-A640-F9AD77D613F6}.Release|Any CPU.ActiveCfg = Release|Any CPU
		{1166B3F3-1504-4603-A640-F9AD77D613F6}.Release|Any CPU.Build.0 = Release|Any CPU
		{69B6490A-8768-4CEA-9B5B-D3DEFE2EFC05}.Debug|Any CPU.ActiveCfg = Debug|Any CPU
		{69B6490A-8768-4CEA-9B5B-D3DEFE2EFC05}.Debug|Any CPU.Build.0 = Debug|Any CPU
		{69B6490A-8768-4CEA-9B5B-D3DEFE2EFC05}.Release|Any CPU.ActiveCfg = Release|Any CPU
		{69B6490A-8768-4CEA-9B5B-D3DEFE2EFC05}.Release|Any CPU.Build.0 = Release|Any CPU
		{16AEA09B-FD9A-4036-9CCE-A1F915CA02A4}.Debug|Any CPU.ActiveCfg = Debug|Any CPU
		{16AEA09B-FD9A-4036-9CCE-A1F915CA02A4}.Debug|Any CPU.Build.0 = Debug|Any CPU
		{16AEA09B-FD9A-4036-9CCE-A1F915CA02A4}.Release|Any CPU.ActiveCfg = Release|Any CPU
		{16AEA09B-FD9A-4036-9CCE-A1F915CA02A4}.Release|Any CPU.Build.0 = Release|Any CPU
		{0AE897F5-75C3-4DB6-ADA5-1F8BF88E9425}.Debug|Any CPU.ActiveCfg = Debug|Any CPU
		{0AE897F5-75C3-4DB6-ADA5-1F8BF88E9425}.Debug|Any CPU.Build.0 = Debug|Any CPU
		{0AE897F5-75C3-4DB6-ADA5-1F8BF88E9425}.Release|Any CPU.ActiveCfg = Release|Any CPU
		{0AE897F5-75C3-4DB6-ADA5-1F8BF88E9425}.Release|Any CPU.Build.0 = Release|Any CPU
		{6A772AE1-6894-45C4-9F65-48ECE418582A}.Debug|Any CPU.ActiveCfg = Debug|Any CPU
		{6A772AE1-6894-45C4-9F65-48ECE418582A}.Debug|Any CPU.Build.0 = Debug|Any CPU
		{6A772AE1-6894-45C4-9F65-48ECE418582A}.Release|Any CPU.ActiveCfg = Release|Any CPU
		{6A772AE1-6894-45C4-9F65-48ECE418582A}.Release|Any CPU.Build.0 = Release|Any CPU
		{5BC8993B-7099-4913-8ADB-1DFC9B5143DE}.Debug|Any CPU.ActiveCfg = Debug|Any CPU
		{5BC8993B-7099-4913-8ADB-1DFC9B5143DE}.Debug|Any CPU.Build.0 = Debug|Any CPU
		{5BC8993B-7099-4913-8ADB-1DFC9B5143DE}.Release|Any CPU.ActiveCfg = Release|Any CPU
		{5BC8993B-7099-4913-8ADB-1DFC9B5143DE}.Release|Any CPU.Build.0 = Release|Any CPU
		{6FCC8535-31B9-48D1-937D-A18827EBC0FC}.Debug|Any CPU.ActiveCfg = Debug|Any CPU
		{6FCC8535-31B9-48D1-937D-A18827EBC0FC}.Debug|Any CPU.Build.0 = Debug|Any CPU
		{6FCC8535-31B9-48D1-937D-A18827EBC0FC}.Release|Any CPU.ActiveCfg = Release|Any CPU
		{6FCC8535-31B9-48D1-937D-A18827EBC0FC}.Release|Any CPU.Build.0 = Release|Any CPU
		{4822BB25-87A8-499C-980C-3558A9F07CB2}.Debug|Any CPU.ActiveCfg = Debug|Any CPU
		{4822BB25-87A8-499C-980C-3558A9F07CB2}.Debug|Any CPU.Build.0 = Debug|Any CPU
		{4822BB25-87A8-499C-980C-3558A9F07CB2}.Release|Any CPU.ActiveCfg = Release|Any CPU
		{4822BB25-87A8-499C-980C-3558A9F07CB2}.Release|Any CPU.Build.0 = Release|Any CPU
		{53F3EDDF-3256-49C1-A9CE-0F963FBEFBE4}.Debug|Any CPU.ActiveCfg = Debug|Any CPU
		{53F3EDDF-3256-49C1-A9CE-0F963FBEFBE4}.Debug|Any CPU.Build.0 = Debug|Any CPU
		{53F3EDDF-3256-49C1-A9CE-0F963FBEFBE4}.Release|Any CPU.ActiveCfg = Release|Any CPU
		{53F3EDDF-3256-49C1-A9CE-0F963FBEFBE4}.Release|Any CPU.Build.0 = Release|Any CPU
		{F604C513-B106-4F8C-BFCF-224C8D30248F}.Debug|Any CPU.ActiveCfg = Debug|Any CPU
		{F604C513-B106-4F8C-BFCF-224C8D30248F}.Debug|Any CPU.Build.0 = Debug|Any CPU
		{F604C513-B106-4F8C-BFCF-224C8D30248F}.Release|Any CPU.ActiveCfg = Release|Any CPU
		{F604C513-B106-4F8C-BFCF-224C8D30248F}.Release|Any CPU.Build.0 = Release|Any CPU
		{41F180B5-6117-4DE1-AA27-045C6C631645}.Debug|Any CPU.ActiveCfg = Debug|Any CPU
		{41F180B5-6117-4DE1-AA27-045C6C631645}.Debug|Any CPU.Build.0 = Debug|Any CPU
		{41F180B5-6117-4DE1-AA27-045C6C631645}.Release|Any CPU.ActiveCfg = Release|Any CPU
		{41F180B5-6117-4DE1-AA27-045C6C631645}.Release|Any CPU.Build.0 = Release|Any CPU
		{FE8120F9-35D8-4E19-9B6B-7C7B94194D16}.Debug|Any CPU.ActiveCfg = Debug|Any CPU
		{FE8120F9-35D8-4E19-9B6B-7C7B94194D16}.Debug|Any CPU.Build.0 = Debug|Any CPU
		{FE8120F9-35D8-4E19-9B6B-7C7B94194D16}.Release|Any CPU.ActiveCfg = Release|Any CPU
		{FE8120F9-35D8-4E19-9B6B-7C7B94194D16}.Release|Any CPU.Build.0 = Release|Any CPU
		{2A7B99F7-5937-4D84-83BA-6348066F8B87}.Debug|Any CPU.ActiveCfg = Debug|Any CPU
		{2A7B99F7-5937-4D84-83BA-6348066F8B87}.Debug|Any CPU.Build.0 = Debug|Any CPU
		{2A7B99F7-5937-4D84-83BA-6348066F8B87}.Release|Any CPU.ActiveCfg = Release|Any CPU
		{2A7B99F7-5937-4D84-83BA-6348066F8B87}.Release|Any CPU.Build.0 = Release|Any CPU
		{5644A821-A480-4E39-AAA8-311F83022035}.Debug|Any CPU.ActiveCfg = Debug|Any CPU
		{5644A821-A480-4E39-AAA8-311F83022035}.Debug|Any CPU.Build.0 = Debug|Any CPU
		{5644A821-A480-4E39-AAA8-311F83022035}.Release|Any CPU.ActiveCfg = Release|Any CPU
		{5644A821-A480-4E39-AAA8-311F83022035}.Release|Any CPU.Build.0 = Release|Any CPU
		{DC0BC58E-219D-4F11-822F-7B7968065455}.Debug|Any CPU.ActiveCfg = Debug|Any CPU
		{DC0BC58E-219D-4F11-822F-7B7968065455}.Debug|Any CPU.Build.0 = Debug|Any CPU
		{DC0BC58E-219D-4F11-822F-7B7968065455}.Release|Any CPU.ActiveCfg = Release|Any CPU
		{DC0BC58E-219D-4F11-822F-7B7968065455}.Release|Any CPU.Build.0 = Release|Any CPU
		{65C8A595-74D8-4ABF-8108-ABC96C43F2BF}.Debug|Any CPU.ActiveCfg = Debug|Any CPU
		{65C8A595-74D8-4ABF-8108-ABC96C43F2BF}.Debug|Any CPU.Build.0 = Debug|Any CPU
		{65C8A595-74D8-4ABF-8108-ABC96C43F2BF}.Release|Any CPU.ActiveCfg = Release|Any CPU
		{65C8A595-74D8-4ABF-8108-ABC96C43F2BF}.Release|Any CPU.Build.0 = Release|Any CPU
		{60DE6E3E-FCEA-4772-9ABA-831E7FCDE860}.Debug|Any CPU.ActiveCfg = Debug|Any CPU
		{60DE6E3E-FCEA-4772-9ABA-831E7FCDE860}.Debug|Any CPU.Build.0 = Debug|Any CPU
		{60DE6E3E-FCEA-4772-9ABA-831E7FCDE860}.Release|Any CPU.ActiveCfg = Release|Any CPU
		{60DE6E3E-FCEA-4772-9ABA-831E7FCDE860}.Release|Any CPU.Build.0 = Release|Any CPU
		{0B0DB8DC-2FDE-42E6-8EEB-538912B18F2E}.Debug|Any CPU.ActiveCfg = Debug|Any CPU
		{0B0DB8DC-2FDE-42E6-8EEB-538912B18F2E}.Debug|Any CPU.Build.0 = Debug|Any CPU
		{0B0DB8DC-2FDE-42E6-8EEB-538912B18F2E}.Release|Any CPU.ActiveCfg = Release|Any CPU
		{0B0DB8DC-2FDE-42E6-8EEB-538912B18F2E}.Release|Any CPU.Build.0 = Release|Any CPU
		{D7D38A23-49D0-4DFE-83D1-525FF57048B9}.Debug|Any CPU.ActiveCfg = Debug|Any CPU
		{D7D38A23-49D0-4DFE-83D1-525FF57048B9}.Debug|Any CPU.Build.0 = Debug|Any CPU
		{D7D38A23-49D0-4DFE-83D1-525FF57048B9}.Release|Any CPU.ActiveCfg = Release|Any CPU
		{D7D38A23-49D0-4DFE-83D1-525FF57048B9}.Release|Any CPU.Build.0 = Release|Any CPU
		{06FEADC9-AA63-4C90-B18E-7C81C9A41944}.Debug|Any CPU.ActiveCfg = Debug|Any CPU
		{06FEADC9-AA63-4C90-B18E-7C81C9A41944}.Debug|Any CPU.Build.0 = Debug|Any CPU
		{06FEADC9-AA63-4C90-B18E-7C81C9A41944}.Release|Any CPU.ActiveCfg = Release|Any CPU
		{06FEADC9-AA63-4C90-B18E-7C81C9A41944}.Release|Any CPU.Build.0 = Release|Any CPU
		{77E9D37D-1108-4EDC-928F-89EC93A2623F}.Debug|Any CPU.ActiveCfg = Debug|Any CPU
		{77E9D37D-1108-4EDC-928F-89EC93A2623F}.Debug|Any CPU.Build.0 = Debug|Any CPU
		{77E9D37D-1108-4EDC-928F-89EC93A2623F}.Release|Any CPU.ActiveCfg = Release|Any CPU
		{77E9D37D-1108-4EDC-928F-89EC93A2623F}.Release|Any CPU.Build.0 = Release|Any CPU
		{271B89ED-4DB8-4008-8FD5-C56E3C61D2E7}.Debug|Any CPU.ActiveCfg = Debug|Any CPU
		{271B89ED-4DB8-4008-8FD5-C56E3C61D2E7}.Debug|Any CPU.Build.0 = Debug|Any CPU
		{271B89ED-4DB8-4008-8FD5-C56E3C61D2E7}.Release|Any CPU.ActiveCfg = Release|Any CPU
		{271B89ED-4DB8-4008-8FD5-C56E3C61D2E7}.Release|Any CPU.Build.0 = Release|Any CPU
		{28B5FCA3-AF54-460B-8729-7DD17DD751AB}.Debug|Any CPU.ActiveCfg = Debug|Any CPU
		{28B5FCA3-AF54-460B-8729-7DD17DD751AB}.Debug|Any CPU.Build.0 = Debug|Any CPU
		{28B5FCA3-AF54-460B-8729-7DD17DD751AB}.Release|Any CPU.ActiveCfg = Release|Any CPU
		{28B5FCA3-AF54-460B-8729-7DD17DD751AB}.Release|Any CPU.Build.0 = Release|Any CPU
		{E2D97293-658B-4A8D-98E2-12298E36628B}.Debug|Any CPU.ActiveCfg = Debug|Any CPU
		{E2D97293-658B-4A8D-98E2-12298E36628B}.Debug|Any CPU.Build.0 = Debug|Any CPU
		{E2D97293-658B-4A8D-98E2-12298E36628B}.Release|Any CPU.ActiveCfg = Release|Any CPU
		{E2D97293-658B-4A8D-98E2-12298E36628B}.Release|Any CPU.Build.0 = Release|Any CPU
		{1FE6D88F-DDF3-449A-AB0A-59134F0D9617}.Debug|Any CPU.ActiveCfg = Debug|Any CPU
		{1FE6D88F-DDF3-449A-AB0A-59134F0D9617}.Debug|Any CPU.Build.0 = Debug|Any CPU
		{1FE6D88F-DDF3-449A-AB0A-59134F0D9617}.Release|Any CPU.ActiveCfg = Release|Any CPU
		{1FE6D88F-DDF3-449A-AB0A-59134F0D9617}.Release|Any CPU.Build.0 = Release|Any CPU
		{9D277E73-E676-4163-B2CA-325D58C2AC06}.Debug|Any CPU.ActiveCfg = Debug|Any CPU
		{9D277E73-E676-4163-B2CA-325D58C2AC06}.Debug|Any CPU.Build.0 = Debug|Any CPU
		{9D277E73-E676-4163-B2CA-325D58C2AC06}.Release|Any CPU.ActiveCfg = Release|Any CPU
		{9D277E73-E676-4163-B2CA-325D58C2AC06}.Release|Any CPU.Build.0 = Release|Any CPU
		{FDB3A6AD-8213-4601-8A41-DFEDBC0BFC31}.Debug|Any CPU.ActiveCfg = Debug|Any CPU
		{FDB3A6AD-8213-4601-8A41-DFEDBC0BFC31}.Debug|Any CPU.Build.0 = Debug|Any CPU
		{FDB3A6AD-8213-4601-8A41-DFEDBC0BFC31}.Release|Any CPU.ActiveCfg = Release|Any CPU
		{FDB3A6AD-8213-4601-8A41-DFEDBC0BFC31}.Release|Any CPU.Build.0 = Release|Any CPU
		{8BA96BD8-BFDA-473E-9CB8-24193265E7CF}.Debug|Any CPU.ActiveCfg = Debug|Any CPU
		{8BA96BD8-BFDA-473E-9CB8-24193265E7CF}.Debug|Any CPU.Build.0 = Debug|Any CPU
		{8BA96BD8-BFDA-473E-9CB8-24193265E7CF}.Release|Any CPU.ActiveCfg = Release|Any CPU
		{8BA96BD8-BFDA-473E-9CB8-24193265E7CF}.Release|Any CPU.Build.0 = Release|Any CPU
		{445A7C27-9F49-4B61-8E4A-3BA519ED6CD4}.Debug|Any CPU.ActiveCfg = Debug|Any CPU
		{445A7C27-9F49-4B61-8E4A-3BA519ED6CD4}.Debug|Any CPU.Build.0 = Debug|Any CPU
		{445A7C27-9F49-4B61-8E4A-3BA519ED6CD4}.Release|Any CPU.ActiveCfg = Release|Any CPU
		{445A7C27-9F49-4B61-8E4A-3BA519ED6CD4}.Release|Any CPU.Build.0 = Release|Any CPU
		{F08E704F-6519-4D6F-8F32-49B8E4315E64}.Debug|Any CPU.ActiveCfg = Debug|Any CPU
		{F08E704F-6519-4D6F-8F32-49B8E4315E64}.Debug|Any CPU.Build.0 = Debug|Any CPU
		{F08E704F-6519-4D6F-8F32-49B8E4315E64}.Release|Any CPU.ActiveCfg = Release|Any CPU
		{F08E704F-6519-4D6F-8F32-49B8E4315E64}.Release|Any CPU.Build.0 = Release|Any CPU
		{80B973E7-EED9-4EE5-86A8-48BFEAD53508}.Debug|Any CPU.ActiveCfg = Debug|Any CPU
		{80B973E7-EED9-4EE5-86A8-48BFEAD53508}.Debug|Any CPU.Build.0 = Debug|Any CPU
		{80B973E7-EED9-4EE5-86A8-48BFEAD53508}.Release|Any CPU.ActiveCfg = Release|Any CPU
		{80B973E7-EED9-4EE5-86A8-48BFEAD53508}.Release|Any CPU.Build.0 = Release|Any CPU
		{DF012C47-9D16-4DFF-8D6B-4DC1C99E1CDA}.Debug|Any CPU.ActiveCfg = Debug|Any CPU
		{DF012C47-9D16-4DFF-8D6B-4DC1C99E1CDA}.Debug|Any CPU.Build.0 = Debug|Any CPU
		{DF012C47-9D16-4DFF-8D6B-4DC1C99E1CDA}.Release|Any CPU.ActiveCfg = Release|Any CPU
		{DF012C47-9D16-4DFF-8D6B-4DC1C99E1CDA}.Release|Any CPU.Build.0 = Release|Any CPU
		{D2F9ECCB-FBD9-4062-9399-6AEA1BEBCA85}.Debug|Any CPU.ActiveCfg = Debug|Any CPU
		{D2F9ECCB-FBD9-4062-9399-6AEA1BEBCA85}.Debug|Any CPU.Build.0 = Debug|Any CPU
		{D2F9ECCB-FBD9-4062-9399-6AEA1BEBCA85}.Release|Any CPU.ActiveCfg = Release|Any CPU
		{D2F9ECCB-FBD9-4062-9399-6AEA1BEBCA85}.Release|Any CPU.Build.0 = Release|Any CPU
		{A4002BEC-A4AE-420D-BEFA-A2F6C633891E}.Debug|Any CPU.ActiveCfg = Debug|Any CPU
		{A4002BEC-A4AE-420D-BEFA-A2F6C633891E}.Debug|Any CPU.Build.0 = Debug|Any CPU
		{A4002BEC-A4AE-420D-BEFA-A2F6C633891E}.Release|Any CPU.ActiveCfg = Release|Any CPU
		{A4002BEC-A4AE-420D-BEFA-A2F6C633891E}.Release|Any CPU.Build.0 = Release|Any CPU
		{53843D97-87FB-41E6-8DD0-4D620A701C7E}.Debug|Any CPU.ActiveCfg = Debug|Any CPU
		{53843D97-87FB-41E6-8DD0-4D620A701C7E}.Debug|Any CPU.Build.0 = Debug|Any CPU
		{53843D97-87FB-41E6-8DD0-4D620A701C7E}.Release|Any CPU.ActiveCfg = Release|Any CPU
		{53843D97-87FB-41E6-8DD0-4D620A701C7E}.Release|Any CPU.Build.0 = Release|Any CPU
		{1C6D866C-4BCB-41C2-9915-194DA6AE6B23}.Debug|Any CPU.ActiveCfg = Debug|Any CPU
		{1C6D866C-4BCB-41C2-9915-194DA6AE6B23}.Debug|Any CPU.Build.0 = Debug|Any CPU
		{1C6D866C-4BCB-41C2-9915-194DA6AE6B23}.Release|Any CPU.ActiveCfg = Release|Any CPU
		{1C6D866C-4BCB-41C2-9915-194DA6AE6B23}.Release|Any CPU.Build.0 = Release|Any CPU
		{A9327EC5-FB57-405D-A4ED-F8197656384A}.Debug|Any CPU.ActiveCfg = Debug|Any CPU
		{A9327EC5-FB57-405D-A4ED-F8197656384A}.Debug|Any CPU.Build.0 = Debug|Any CPU
		{A9327EC5-FB57-405D-A4ED-F8197656384A}.Release|Any CPU.ActiveCfg = Release|Any CPU
		{A9327EC5-FB57-405D-A4ED-F8197656384A}.Release|Any CPU.Build.0 = Release|Any CPU
		{5EC1671D-1AD5-4204-925F-3223B06D198A}.Debug|Any CPU.ActiveCfg = Debug|Any CPU
		{5EC1671D-1AD5-4204-925F-3223B06D198A}.Debug|Any CPU.Build.0 = Debug|Any CPU
		{5EC1671D-1AD5-4204-925F-3223B06D198A}.Release|Any CPU.ActiveCfg = Release|Any CPU
		{5EC1671D-1AD5-4204-925F-3223B06D198A}.Release|Any CPU.Build.0 = Release|Any CPU
		{C80807A3-EB13-4DE2-823E-BB55F24544DF}.Debug|Any CPU.ActiveCfg = Debug|Any CPU
		{C80807A3-EB13-4DE2-823E-BB55F24544DF}.Debug|Any CPU.Build.0 = Debug|Any CPU
		{C80807A3-EB13-4DE2-823E-BB55F24544DF}.Release|Any CPU.ActiveCfg = Release|Any CPU
		{C80807A3-EB13-4DE2-823E-BB55F24544DF}.Release|Any CPU.Build.0 = Release|Any CPU
		{86E7F1FB-7F1A-4FFF-BCDB-E78EFB8EA20C}.Debug|Any CPU.ActiveCfg = Debug|Any CPU
		{86E7F1FB-7F1A-4FFF-BCDB-E78EFB8EA20C}.Debug|Any CPU.Build.0 = Debug|Any CPU
		{86E7F1FB-7F1A-4FFF-BCDB-E78EFB8EA20C}.Release|Any CPU.ActiveCfg = Release|Any CPU
		{86E7F1FB-7F1A-4FFF-BCDB-E78EFB8EA20C}.Release|Any CPU.Build.0 = Release|Any CPU
		{5F7E2D4B-9BDA-43CF-96FC-CA9CFEF3428B}.Debug|Any CPU.ActiveCfg = Debug|Any CPU
		{5F7E2D4B-9BDA-43CF-96FC-CA9CFEF3428B}.Debug|Any CPU.Build.0 = Debug|Any CPU
		{5F7E2D4B-9BDA-43CF-96FC-CA9CFEF3428B}.Release|Any CPU.ActiveCfg = Release|Any CPU
		{5F7E2D4B-9BDA-43CF-96FC-CA9CFEF3428B}.Release|Any CPU.Build.0 = Release|Any CPU
		{FF0518BC-BCF2-44AA-9092-172A2C7369B3}.Debug|Any CPU.ActiveCfg = Debug|Any CPU
		{FF0518BC-BCF2-44AA-9092-172A2C7369B3}.Debug|Any CPU.Build.0 = Debug|Any CPU
		{FF0518BC-BCF2-44AA-9092-172A2C7369B3}.Release|Any CPU.ActiveCfg = Release|Any CPU
		{FF0518BC-BCF2-44AA-9092-172A2C7369B3}.Release|Any CPU.Build.0 = Release|Any CPU
		{A782BE1B-ED71-4C26-98E6-32B2D958D11C}.Debug|Any CPU.ActiveCfg = Debug|Any CPU
		{A782BE1B-ED71-4C26-98E6-32B2D958D11C}.Debug|Any CPU.Build.0 = Debug|Any CPU
		{A782BE1B-ED71-4C26-98E6-32B2D958D11C}.Release|Any CPU.ActiveCfg = Release|Any CPU
		{A782BE1B-ED71-4C26-98E6-32B2D958D11C}.Release|Any CPU.Build.0 = Release|Any CPU
		{0002F40A-133B-418E-81FE-27592E055C07}.Debug|Any CPU.ActiveCfg = Debug|Any CPU
		{0002F40A-133B-418E-81FE-27592E055C07}.Debug|Any CPU.Build.0 = Debug|Any CPU
		{0002F40A-133B-418E-81FE-27592E055C07}.Release|Any CPU.ActiveCfg = Release|Any CPU
		{0002F40A-133B-418E-81FE-27592E055C07}.Release|Any CPU.Build.0 = Release|Any CPU
		{498E8B0D-222B-466F-9090-24D9DE622A3B}.Debug|Any CPU.ActiveCfg = Debug|Any CPU
		{498E8B0D-222B-466F-9090-24D9DE622A3B}.Debug|Any CPU.Build.0 = Debug|Any CPU
		{498E8B0D-222B-466F-9090-24D9DE622A3B}.Release|Any CPU.ActiveCfg = Release|Any CPU
		{498E8B0D-222B-466F-9090-24D9DE622A3B}.Release|Any CPU.Build.0 = Release|Any CPU
		{77B041DA-C284-47AC-880F-EDCEC280A3C0}.Debug|Any CPU.ActiveCfg = Debug|Any CPU
		{77B041DA-C284-47AC-880F-EDCEC280A3C0}.Debug|Any CPU.Build.0 = Debug|Any CPU
		{77B041DA-C284-47AC-880F-EDCEC280A3C0}.Release|Any CPU.ActiveCfg = Release|Any CPU
		{77B041DA-C284-47AC-880F-EDCEC280A3C0}.Release|Any CPU.Build.0 = Release|Any CPU
		{80BEEEEB-3692-49D3-9901-DC6DCF05CF40}.Debug|Any CPU.ActiveCfg = Debug|Any CPU
		{80BEEEEB-3692-49D3-9901-DC6DCF05CF40}.Debug|Any CPU.Build.0 = Debug|Any CPU
		{80BEEEEB-3692-49D3-9901-DC6DCF05CF40}.Release|Any CPU.ActiveCfg = Release|Any CPU
		{80BEEEEB-3692-49D3-9901-DC6DCF05CF40}.Release|Any CPU.Build.0 = Release|Any CPU
		{FDE774C3-52BA-4586-A832-82D47AE4FD36}.Debug|Any CPU.ActiveCfg = Debug|Any CPU
		{FDE774C3-52BA-4586-A832-82D47AE4FD36}.Debug|Any CPU.Build.0 = Debug|Any CPU
		{FDE774C3-52BA-4586-A832-82D47AE4FD36}.Release|Any CPU.ActiveCfg = Release|Any CPU
		{FDE774C3-52BA-4586-A832-82D47AE4FD36}.Release|Any CPU.Build.0 = Release|Any CPU
		{C260FA9C-1797-4A39-BA88-F5D85D2042F4}.Debug|Any CPU.ActiveCfg = Debug|Any CPU
		{C260FA9C-1797-4A39-BA88-F5D85D2042F4}.Debug|Any CPU.Build.0 = Debug|Any CPU
		{C260FA9C-1797-4A39-BA88-F5D85D2042F4}.Release|Any CPU.ActiveCfg = Release|Any CPU
		{C260FA9C-1797-4A39-BA88-F5D85D2042F4}.Release|Any CPU.Build.0 = Release|Any CPU
		{AE8B03A3-44BC-498F-846E-3C53A981620A}.Debug|Any CPU.ActiveCfg = Debug|Any CPU
		{AE8B03A3-44BC-498F-846E-3C53A981620A}.Debug|Any CPU.Build.0 = Debug|Any CPU
		{AE8B03A3-44BC-498F-846E-3C53A981620A}.Release|Any CPU.ActiveCfg = Release|Any CPU
		{AE8B03A3-44BC-498F-846E-3C53A981620A}.Release|Any CPU.Build.0 = Release|Any CPU
		{FC0A9F2F-7007-4E55-84F8-AA452B2AB383}.Debug|Any CPU.ActiveCfg = Debug|Any CPU
		{FC0A9F2F-7007-4E55-84F8-AA452B2AB383}.Debug|Any CPU.Build.0 = Debug|Any CPU
		{FC0A9F2F-7007-4E55-84F8-AA452B2AB383}.Release|Any CPU.ActiveCfg = Release|Any CPU
		{FC0A9F2F-7007-4E55-84F8-AA452B2AB383}.Release|Any CPU.Build.0 = Release|Any CPU
		{40B7A353-977D-4AD4-BACF-2332CC829F07}.Debug|Any CPU.ActiveCfg = Debug|Any CPU
		{40B7A353-977D-4AD4-BACF-2332CC829F07}.Debug|Any CPU.Build.0 = Debug|Any CPU
		{40B7A353-977D-4AD4-BACF-2332CC829F07}.Release|Any CPU.ActiveCfg = Release|Any CPU
		{40B7A353-977D-4AD4-BACF-2332CC829F07}.Release|Any CPU.Build.0 = Release|Any CPU
		{B0D745D2-CB93-47D4-BA84-75308EEB92F5}.Debug|Any CPU.ActiveCfg = Debug|Any CPU
		{B0D745D2-CB93-47D4-BA84-75308EEB92F5}.Debug|Any CPU.Build.0 = Debug|Any CPU
		{B0D745D2-CB93-47D4-BA84-75308EEB92F5}.Release|Any CPU.ActiveCfg = Release|Any CPU
		{B0D745D2-CB93-47D4-BA84-75308EEB92F5}.Release|Any CPU.Build.0 = Release|Any CPU
		{60E90D4C-A604-4F9E-A0D7-313F4D8BFCD2}.Debug|Any CPU.ActiveCfg = Debug|Any CPU
		{60E90D4C-A604-4F9E-A0D7-313F4D8BFCD2}.Debug|Any CPU.Build.0 = Debug|Any CPU
		{60E90D4C-A604-4F9E-A0D7-313F4D8BFCD2}.Release|Any CPU.ActiveCfg = Release|Any CPU
		{60E90D4C-A604-4F9E-A0D7-313F4D8BFCD2}.Release|Any CPU.Build.0 = Release|Any CPU
		{7912FDC1-8A05-4918-A0C9-5CB309B666F8}.Debug|Any CPU.ActiveCfg = Debug|Any CPU
		{7912FDC1-8A05-4918-A0C9-5CB309B666F8}.Debug|Any CPU.Build.0 = Debug|Any CPU
		{7912FDC1-8A05-4918-A0C9-5CB309B666F8}.Release|Any CPU.ActiveCfg = Release|Any CPU
		{7912FDC1-8A05-4918-A0C9-5CB309B666F8}.Release|Any CPU.Build.0 = Release|Any CPU
		{D23EBD8C-745E-4ECF-834A-CA35C43D0867}.Debug|Any CPU.ActiveCfg = Debug|Any CPU
		{D23EBD8C-745E-4ECF-834A-CA35C43D0867}.Debug|Any CPU.Build.0 = Debug|Any CPU
		{D23EBD8C-745E-4ECF-834A-CA35C43D0867}.Release|Any CPU.ActiveCfg = Release|Any CPU
		{D23EBD8C-745E-4ECF-834A-CA35C43D0867}.Release|Any CPU.Build.0 = Release|Any CPU
		{7551D6AE-B60D-40AC-8A33-BC904A41D977}.Debug|Any CPU.ActiveCfg = Debug|Any CPU
		{7551D6AE-B60D-40AC-8A33-BC904A41D977}.Debug|Any CPU.Build.0 = Debug|Any CPU
		{7551D6AE-B60D-40AC-8A33-BC904A41D977}.Release|Any CPU.ActiveCfg = Release|Any CPU
		{7551D6AE-B60D-40AC-8A33-BC904A41D977}.Release|Any CPU.Build.0 = Release|Any CPU
		{8FDB40A3-2F80-4F47-9FA9-0E4D203B601B}.Debug|Any CPU.ActiveCfg = Debug|Any CPU
		{8FDB40A3-2F80-4F47-9FA9-0E4D203B601B}.Debug|Any CPU.Build.0 = Debug|Any CPU
		{8FDB40A3-2F80-4F47-9FA9-0E4D203B601B}.Release|Any CPU.ActiveCfg = Release|Any CPU
		{8FDB40A3-2F80-4F47-9FA9-0E4D203B601B}.Release|Any CPU.Build.0 = Release|Any CPU
		{1E968706-83F2-49F7-9F78-1E1219C130B0}.Debug|Any CPU.ActiveCfg = Debug|Any CPU
		{1E968706-83F2-49F7-9F78-1E1219C130B0}.Debug|Any CPU.Build.0 = Debug|Any CPU
		{1E968706-83F2-49F7-9F78-1E1219C130B0}.Release|Any CPU.ActiveCfg = Release|Any CPU
		{1E968706-83F2-49F7-9F78-1E1219C130B0}.Release|Any CPU.Build.0 = Release|Any CPU
		{FA1FC550-CB5C-4155-AB07-79778F120087}.Debug|Any CPU.ActiveCfg = Debug|Any CPU
		{FA1FC550-CB5C-4155-AB07-79778F120087}.Debug|Any CPU.Build.0 = Debug|Any CPU
		{FA1FC550-CB5C-4155-AB07-79778F120087}.Release|Any CPU.ActiveCfg = Release|Any CPU
		{FA1FC550-CB5C-4155-AB07-79778F120087}.Release|Any CPU.Build.0 = Release|Any CPU
		{C87E5909-D7D1-4293-8257-1696C7F2239B}.Debug|Any CPU.ActiveCfg = Debug|Any CPU
		{C87E5909-D7D1-4293-8257-1696C7F2239B}.Debug|Any CPU.Build.0 = Debug|Any CPU
		{C87E5909-D7D1-4293-8257-1696C7F2239B}.Release|Any CPU.ActiveCfg = Release|Any CPU
		{C87E5909-D7D1-4293-8257-1696C7F2239B}.Release|Any CPU.Build.0 = Release|Any CPU
		{204F80CF-1DFA-442D-9FAD-14BBDA2CA6C2}.Debug|Any CPU.ActiveCfg = Debug|Any CPU
		{204F80CF-1DFA-442D-9FAD-14BBDA2CA6C2}.Debug|Any CPU.Build.0 = Debug|Any CPU
		{204F80CF-1DFA-442D-9FAD-14BBDA2CA6C2}.Release|Any CPU.ActiveCfg = Release|Any CPU
		{204F80CF-1DFA-442D-9FAD-14BBDA2CA6C2}.Release|Any CPU.Build.0 = Release|Any CPU
		{42D4B09A-7F40-4B0A-9014-E1C81D7E354C}.Debug|Any CPU.ActiveCfg = Debug|Any CPU
		{42D4B09A-7F40-4B0A-9014-E1C81D7E354C}.Debug|Any CPU.Build.0 = Debug|Any CPU
		{42D4B09A-7F40-4B0A-9014-E1C81D7E354C}.Release|Any CPU.ActiveCfg = Release|Any CPU
		{42D4B09A-7F40-4B0A-9014-E1C81D7E354C}.Release|Any CPU.Build.0 = Release|Any CPU
		{7540A918-B7D4-4EEC-9AE1-811DA76DF484}.Debug|Any CPU.ActiveCfg = Debug|Any CPU
		{7540A918-B7D4-4EEC-9AE1-811DA76DF484}.Debug|Any CPU.Build.0 = Debug|Any CPU
		{7540A918-B7D4-4EEC-9AE1-811DA76DF484}.Release|Any CPU.ActiveCfg = Release|Any CPU
		{7540A918-B7D4-4EEC-9AE1-811DA76DF484}.Release|Any CPU.Build.0 = Release|Any CPU
		{C013F995-4F52-4F6B-A105-2EFC02702A73}.Debug|Any CPU.ActiveCfg = Debug|Any CPU
		{C013F995-4F52-4F6B-A105-2EFC02702A73}.Debug|Any CPU.Build.0 = Debug|Any CPU
		{C013F995-4F52-4F6B-A105-2EFC02702A73}.Release|Any CPU.ActiveCfg = Release|Any CPU
		{C013F995-4F52-4F6B-A105-2EFC02702A73}.Release|Any CPU.Build.0 = Release|Any CPU
		{79079AF3-D7F6-4FDD-9D6F-254B31770253}.Debug|Any CPU.ActiveCfg = Debug|Any CPU
		{79079AF3-D7F6-4FDD-9D6F-254B31770253}.Debug|Any CPU.Build.0 = Debug|Any CPU
		{79079AF3-D7F6-4FDD-9D6F-254B31770253}.Release|Any CPU.ActiveCfg = Release|Any CPU
		{79079AF3-D7F6-4FDD-9D6F-254B31770253}.Release|Any CPU.Build.0 = Release|Any CPU
		{01BBB613-C7A6-41FD-A603-6C1E8E67067B}.Debug|Any CPU.ActiveCfg = Debug|Any CPU
		{01BBB613-C7A6-41FD-A603-6C1E8E67067B}.Debug|Any CPU.Build.0 = Debug|Any CPU
		{01BBB613-C7A6-41FD-A603-6C1E8E67067B}.Release|Any CPU.ActiveCfg = Release|Any CPU
		{01BBB613-C7A6-41FD-A603-6C1E8E67067B}.Release|Any CPU.Build.0 = Release|Any CPU
		{93C5E493-2B98-41A7-AF39-17C866164A2E}.Debug|Any CPU.ActiveCfg = Debug|Any CPU
		{93C5E493-2B98-41A7-AF39-17C866164A2E}.Debug|Any CPU.Build.0 = Debug|Any CPU
		{93C5E493-2B98-41A7-AF39-17C866164A2E}.Release|Any CPU.ActiveCfg = Release|Any CPU
		{93C5E493-2B98-41A7-AF39-17C866164A2E}.Release|Any CPU.Build.0 = Release|Any CPU
		{941436C9-0767-4B1E-A76F-96F89BD72762}.Debug|Any CPU.ActiveCfg = Debug|Any CPU
		{941436C9-0767-4B1E-A76F-96F89BD72762}.Debug|Any CPU.Build.0 = Debug|Any CPU
		{941436C9-0767-4B1E-A76F-96F89BD72762}.Release|Any CPU.ActiveCfg = Release|Any CPU
		{941436C9-0767-4B1E-A76F-96F89BD72762}.Release|Any CPU.Build.0 = Release|Any CPU
		{426377E9-A6D5-485F-8F9C-89579EABFF6D}.Debug|Any CPU.ActiveCfg = Debug|Any CPU
		{426377E9-A6D5-485F-8F9C-89579EABFF6D}.Debug|Any CPU.Build.0 = Debug|Any CPU
		{426377E9-A6D5-485F-8F9C-89579EABFF6D}.Release|Any CPU.ActiveCfg = Release|Any CPU
		{426377E9-A6D5-485F-8F9C-89579EABFF6D}.Release|Any CPU.Build.0 = Release|Any CPU
		{A44F5271-6699-4789-B588-222AE4A92CC9}.Debug|Any CPU.ActiveCfg = Debug|Any CPU
		{A44F5271-6699-4789-B588-222AE4A92CC9}.Debug|Any CPU.Build.0 = Debug|Any CPU
		{A44F5271-6699-4789-B588-222AE4A92CC9}.Release|Any CPU.ActiveCfg = Release|Any CPU
		{A44F5271-6699-4789-B588-222AE4A92CC9}.Release|Any CPU.Build.0 = Release|Any CPU
		{D0CC94E7-ED93-487F-A205-1CC821F58564}.Debug|Any CPU.ActiveCfg = Debug|Any CPU
		{D0CC94E7-ED93-487F-A205-1CC821F58564}.Debug|Any CPU.Build.0 = Debug|Any CPU
		{D0CC94E7-ED93-487F-A205-1CC821F58564}.Release|Any CPU.ActiveCfg = Release|Any CPU
		{D0CC94E7-ED93-487F-A205-1CC821F58564}.Release|Any CPU.Build.0 = Release|Any CPU
		{A952437A-B23F-42F6-B83A-1D1F4FFE3624}.Debug|Any CPU.ActiveCfg = Debug|Any CPU
		{A952437A-B23F-42F6-B83A-1D1F4FFE3624}.Debug|Any CPU.Build.0 = Debug|Any CPU
		{A952437A-B23F-42F6-B83A-1D1F4FFE3624}.Release|Any CPU.ActiveCfg = Release|Any CPU
		{A952437A-B23F-42F6-B83A-1D1F4FFE3624}.Release|Any CPU.Build.0 = Release|Any CPU
		{2D3464E5-4634-45F7-90FB-BC61D3FE1755}.Debug|Any CPU.ActiveCfg = Debug|Any CPU
		{2D3464E5-4634-45F7-90FB-BC61D3FE1755}.Debug|Any CPU.Build.0 = Debug|Any CPU
		{2D3464E5-4634-45F7-90FB-BC61D3FE1755}.Release|Any CPU.ActiveCfg = Release|Any CPU
		{2D3464E5-4634-45F7-90FB-BC61D3FE1755}.Release|Any CPU.Build.0 = Release|Any CPU
		{69E5AF7F-D2F9-4FA6-884A-946B0F6A3715}.Debug|Any CPU.ActiveCfg = Debug|Any CPU
		{69E5AF7F-D2F9-4FA6-884A-946B0F6A3715}.Debug|Any CPU.Build.0 = Debug|Any CPU
		{69E5AF7F-D2F9-4FA6-884A-946B0F6A3715}.Release|Any CPU.ActiveCfg = Release|Any CPU
		{69E5AF7F-D2F9-4FA6-884A-946B0F6A3715}.Release|Any CPU.Build.0 = Release|Any CPU
		{6C8C1932-A0CA-493B-834E-7B77826F3204}.Debug|Any CPU.ActiveCfg = Debug|Any CPU
		{6C8C1932-A0CA-493B-834E-7B77826F3204}.Debug|Any CPU.Build.0 = Debug|Any CPU
		{6C8C1932-A0CA-493B-834E-7B77826F3204}.Release|Any CPU.ActiveCfg = Release|Any CPU
		{6C8C1932-A0CA-493B-834E-7B77826F3204}.Release|Any CPU.Build.0 = Release|Any CPU
		{91E70B4C-8C7B-46D5-8E10-F37BA8D16039}.Debug|Any CPU.ActiveCfg = Debug|Any CPU
		{91E70B4C-8C7B-46D5-8E10-F37BA8D16039}.Debug|Any CPU.Build.0 = Debug|Any CPU
		{91E70B4C-8C7B-46D5-8E10-F37BA8D16039}.Release|Any CPU.ActiveCfg = Release|Any CPU
		{91E70B4C-8C7B-46D5-8E10-F37BA8D16039}.Release|Any CPU.Build.0 = Release|Any CPU
		{0031C195-7F07-4590-8244-368C36E84936}.Debug|Any CPU.ActiveCfg = Debug|Any CPU
		{0031C195-7F07-4590-8244-368C36E84936}.Debug|Any CPU.Build.0 = Debug|Any CPU
		{0031C195-7F07-4590-8244-368C36E84936}.Release|Any CPU.ActiveCfg = Release|Any CPU
		{0031C195-7F07-4590-8244-368C36E84936}.Release|Any CPU.Build.0 = Release|Any CPU
		{ABD8CC41-EA6C-4538-9D01-5A44BC9FD182}.Debug|Any CPU.ActiveCfg = Debug|Any CPU
		{ABD8CC41-EA6C-4538-9D01-5A44BC9FD182}.Debug|Any CPU.Build.0 = Debug|Any CPU
		{ABD8CC41-EA6C-4538-9D01-5A44BC9FD182}.Release|Any CPU.ActiveCfg = Release|Any CPU
		{ABD8CC41-EA6C-4538-9D01-5A44BC9FD182}.Release|Any CPU.Build.0 = Release|Any CPU
		{8E999207-1389-4FC2-8DC5-F96CB23A96EF}.Debug|Any CPU.ActiveCfg = Debug|Any CPU
		{8E999207-1389-4FC2-8DC5-F96CB23A96EF}.Debug|Any CPU.Build.0 = Debug|Any CPU
		{8E999207-1389-4FC2-8DC5-F96CB23A96EF}.Release|Any CPU.ActiveCfg = Release|Any CPU
		{8E999207-1389-4FC2-8DC5-F96CB23A96EF}.Release|Any CPU.Build.0 = Release|Any CPU
		{2CDE7023-89B9-40E2-95A9-329759932B24}.Debug|Any CPU.ActiveCfg = Debug|Any CPU
		{2CDE7023-89B9-40E2-95A9-329759932B24}.Debug|Any CPU.Build.0 = Debug|Any CPU
		{2CDE7023-89B9-40E2-95A9-329759932B24}.Release|Any CPU.ActiveCfg = Release|Any CPU
		{2CDE7023-89B9-40E2-95A9-329759932B24}.Release|Any CPU.Build.0 = Release|Any CPU
		{892FD349-2E68-48C3-A404-2F54B40836CE}.Debug|Any CPU.ActiveCfg = Debug|Any CPU
		{892FD349-2E68-48C3-A404-2F54B40836CE}.Debug|Any CPU.Build.0 = Debug|Any CPU
		{892FD349-2E68-48C3-A404-2F54B40836CE}.Release|Any CPU.ActiveCfg = Release|Any CPU
		{892FD349-2E68-48C3-A404-2F54B40836CE}.Release|Any CPU.Build.0 = Release|Any CPU
		{2F3F2753-9C3C-4403-80F2-C4206EB94887}.Debug|Any CPU.ActiveCfg = Debug|Any CPU
		{2F3F2753-9C3C-4403-80F2-C4206EB94887}.Debug|Any CPU.Build.0 = Debug|Any CPU
		{2F3F2753-9C3C-4403-80F2-C4206EB94887}.Release|Any CPU.ActiveCfg = Release|Any CPU
		{2F3F2753-9C3C-4403-80F2-C4206EB94887}.Release|Any CPU.Build.0 = Release|Any CPU
		{4F07A0F2-AE00-41BB-9C38-8B13B1F7555A}.Debug|Any CPU.ActiveCfg = Debug|Any CPU
		{4F07A0F2-AE00-41BB-9C38-8B13B1F7555A}.Debug|Any CPU.Build.0 = Debug|Any CPU
		{4F07A0F2-AE00-41BB-9C38-8B13B1F7555A}.Release|Any CPU.ActiveCfg = Release|Any CPU
		{4F07A0F2-AE00-41BB-9C38-8B13B1F7555A}.Release|Any CPU.Build.0 = Release|Any CPU
		{14685ED4-B4E0-4101-ADA4-73A538033B62}.Debug|Any CPU.ActiveCfg = Debug|Any CPU
		{14685ED4-B4E0-4101-ADA4-73A538033B62}.Debug|Any CPU.Build.0 = Debug|Any CPU
		{14685ED4-B4E0-4101-ADA4-73A538033B62}.Release|Any CPU.ActiveCfg = Release|Any CPU
		{14685ED4-B4E0-4101-ADA4-73A538033B62}.Release|Any CPU.Build.0 = Release|Any CPU
		{45F740A6-95CD-4C02-B1A7-5984BC779CF6}.Debug|Any CPU.ActiveCfg = Debug|Any CPU
		{45F740A6-95CD-4C02-B1A7-5984BC779CF6}.Debug|Any CPU.Build.0 = Debug|Any CPU
		{45F740A6-95CD-4C02-B1A7-5984BC779CF6}.Release|Any CPU.ActiveCfg = Release|Any CPU
		{45F740A6-95CD-4C02-B1A7-5984BC779CF6}.Release|Any CPU.Build.0 = Release|Any CPU
		{AB6F57A6-0710-44FF-B6CD-FFA14116C645}.Debug|Any CPU.ActiveCfg = Debug|Any CPU
		{AB6F57A6-0710-44FF-B6CD-FFA14116C645}.Debug|Any CPU.Build.0 = Debug|Any CPU
		{AB6F57A6-0710-44FF-B6CD-FFA14116C645}.Release|Any CPU.ActiveCfg = Release|Any CPU
		{AB6F57A6-0710-44FF-B6CD-FFA14116C645}.Release|Any CPU.Build.0 = Release|Any CPU
		{A7512488-E1E6-448A-8316-C4895AD8DB60}.Debug|Any CPU.ActiveCfg = Debug|Any CPU
		{A7512488-E1E6-448A-8316-C4895AD8DB60}.Debug|Any CPU.Build.0 = Debug|Any CPU
		{A7512488-E1E6-448A-8316-C4895AD8DB60}.Release|Any CPU.ActiveCfg = Release|Any CPU
		{A7512488-E1E6-448A-8316-C4895AD8DB60}.Release|Any CPU.Build.0 = Release|Any CPU
		{A13DDDA4-2225-47B0-B239-E938D36D7BD1}.Debug|Any CPU.ActiveCfg = Debug|Any CPU
		{A13DDDA4-2225-47B0-B239-E938D36D7BD1}.Debug|Any CPU.Build.0 = Debug|Any CPU
		{A13DDDA4-2225-47B0-B239-E938D36D7BD1}.Release|Any CPU.ActiveCfg = Release|Any CPU
		{A13DDDA4-2225-47B0-B239-E938D36D7BD1}.Release|Any CPU.Build.0 = Release|Any CPU
		{CAE2FBC7-E40E-40F1-8851-4B281F5DF762}.Debug|Any CPU.ActiveCfg = Debug|Any CPU
		{CAE2FBC7-E40E-40F1-8851-4B281F5DF762}.Debug|Any CPU.Build.0 = Debug|Any CPU
		{CAE2FBC7-E40E-40F1-8851-4B281F5DF762}.Release|Any CPU.ActiveCfg = Release|Any CPU
		{CAE2FBC7-E40E-40F1-8851-4B281F5DF762}.Release|Any CPU.Build.0 = Release|Any CPU
		{B00F8336-B00C-4C7B-B9FA-E35613BD05B7}.Debug|Any CPU.ActiveCfg = Debug|Any CPU
		{B00F8336-B00C-4C7B-B9FA-E35613BD05B7}.Debug|Any CPU.Build.0 = Debug|Any CPU
		{B00F8336-B00C-4C7B-B9FA-E35613BD05B7}.Release|Any CPU.ActiveCfg = Release|Any CPU
		{B00F8336-B00C-4C7B-B9FA-E35613BD05B7}.Release|Any CPU.Build.0 = Release|Any CPU
		{7587E1C3-0A84-4A9B-ADFF-DE1AC2D4AB86}.Debug|Any CPU.ActiveCfg = Debug|Any CPU
		{7587E1C3-0A84-4A9B-ADFF-DE1AC2D4AB86}.Debug|Any CPU.Build.0 = Debug|Any CPU
		{7587E1C3-0A84-4A9B-ADFF-DE1AC2D4AB86}.Release|Any CPU.ActiveCfg = Release|Any CPU
		{7587E1C3-0A84-4A9B-ADFF-DE1AC2D4AB86}.Release|Any CPU.Build.0 = Release|Any CPU
		{5C59F5FB-5C1A-426A-A1C3-54A94C4A603B}.Debug|Any CPU.ActiveCfg = Debug|Any CPU
		{5C59F5FB-5C1A-426A-A1C3-54A94C4A603B}.Debug|Any CPU.Build.0 = Debug|Any CPU
		{5C59F5FB-5C1A-426A-A1C3-54A94C4A603B}.Release|Any CPU.ActiveCfg = Release|Any CPU
		{5C59F5FB-5C1A-426A-A1C3-54A94C4A603B}.Release|Any CPU.Build.0 = Release|Any CPU
		{499C4C6A-1F09-40D5-9A22-44F2837599E6}.Debug|Any CPU.ActiveCfg = Debug|Any CPU
		{499C4C6A-1F09-40D5-9A22-44F2837599E6}.Debug|Any CPU.Build.0 = Debug|Any CPU
		{499C4C6A-1F09-40D5-9A22-44F2837599E6}.Release|Any CPU.ActiveCfg = Release|Any CPU
		{499C4C6A-1F09-40D5-9A22-44F2837599E6}.Release|Any CPU.Build.0 = Release|Any CPU
		{096C6605-9562-4501-A04D-1D631F57431B}.Debug|Any CPU.ActiveCfg = Debug|Any CPU
		{096C6605-9562-4501-A04D-1D631F57431B}.Debug|Any CPU.Build.0 = Debug|Any CPU
		{096C6605-9562-4501-A04D-1D631F57431B}.Release|Any CPU.ActiveCfg = Release|Any CPU
		{096C6605-9562-4501-A04D-1D631F57431B}.Release|Any CPU.Build.0 = Release|Any CPU
		{8008D8BE-5241-4FA8-B92B-E12630C9A9F7}.Debug|Any CPU.ActiveCfg = Debug|Any CPU
		{8008D8BE-5241-4FA8-B92B-E12630C9A9F7}.Debug|Any CPU.Build.0 = Debug|Any CPU
		{8008D8BE-5241-4FA8-B92B-E12630C9A9F7}.Release|Any CPU.ActiveCfg = Release|Any CPU
		{8008D8BE-5241-4FA8-B92B-E12630C9A9F7}.Release|Any CPU.Build.0 = Release|Any CPU
		{FA772BA4-DBF6-4380-8764-5089CAA7B6D7}.Debug|Any CPU.ActiveCfg = Debug|Any CPU
		{FA772BA4-DBF6-4380-8764-5089CAA7B6D7}.Debug|Any CPU.Build.0 = Debug|Any CPU
		{FA772BA4-DBF6-4380-8764-5089CAA7B6D7}.Release|Any CPU.ActiveCfg = Release|Any CPU
		{FA772BA4-DBF6-4380-8764-5089CAA7B6D7}.Release|Any CPU.Build.0 = Release|Any CPU
		{FFB02313-ECE9-46FB-A42F-40A4E1FEF396}.Debug|Any CPU.ActiveCfg = Debug|Any CPU
		{FFB02313-ECE9-46FB-A42F-40A4E1FEF396}.Debug|Any CPU.Build.0 = Debug|Any CPU
		{FFB02313-ECE9-46FB-A42F-40A4E1FEF396}.Release|Any CPU.ActiveCfg = Release|Any CPU
		{FFB02313-ECE9-46FB-A42F-40A4E1FEF396}.Release|Any CPU.Build.0 = Release|Any CPU
		{F90FA4F4-E973-40EE-B7A2-A1BC5248C09E}.Debug|Any CPU.ActiveCfg = Debug|Any CPU
		{F90FA4F4-E973-40EE-B7A2-A1BC5248C09E}.Debug|Any CPU.Build.0 = Debug|Any CPU
		{F90FA4F4-E973-40EE-B7A2-A1BC5248C09E}.Release|Any CPU.ActiveCfg = Release|Any CPU
		{F90FA4F4-E973-40EE-B7A2-A1BC5248C09E}.Release|Any CPU.Build.0 = Release|Any CPU
		{9EB6C341-76CD-475B-B441-D0CB75A47986}.Debug|Any CPU.ActiveCfg = Debug|Any CPU
		{9EB6C341-76CD-475B-B441-D0CB75A47986}.Debug|Any CPU.Build.0 = Debug|Any CPU
		{9EB6C341-76CD-475B-B441-D0CB75A47986}.Release|Any CPU.ActiveCfg = Release|Any CPU
		{9EB6C341-76CD-475B-B441-D0CB75A47986}.Release|Any CPU.Build.0 = Release|Any CPU
		{1E14B75F-AB0F-4E57-A60D-019A403DD865}.Debug|Any CPU.ActiveCfg = Debug|Any CPU
		{1E14B75F-AB0F-4E57-A60D-019A403DD865}.Debug|Any CPU.Build.0 = Debug|Any CPU
		{1E14B75F-AB0F-4E57-A60D-019A403DD865}.Release|Any CPU.ActiveCfg = Release|Any CPU
		{1E14B75F-AB0F-4E57-A60D-019A403DD865}.Release|Any CPU.Build.0 = Release|Any CPU
		{12E1A996-7166-4A50-8AE1-1916A396D231}.Debug|Any CPU.ActiveCfg = Debug|Any CPU
		{12E1A996-7166-4A50-8AE1-1916A396D231}.Debug|Any CPU.Build.0 = Debug|Any CPU
		{12E1A996-7166-4A50-8AE1-1916A396D231}.Release|Any CPU.ActiveCfg = Release|Any CPU
		{12E1A996-7166-4A50-8AE1-1916A396D231}.Release|Any CPU.Build.0 = Release|Any CPU
		{84297DDB-BA74-43AB-88A4-7CCB602C3261}.Debug|Any CPU.ActiveCfg = Debug|Any CPU
		{84297DDB-BA74-43AB-88A4-7CCB602C3261}.Debug|Any CPU.Build.0 = Debug|Any CPU
		{84297DDB-BA74-43AB-88A4-7CCB602C3261}.Release|Any CPU.ActiveCfg = Release|Any CPU
		{84297DDB-BA74-43AB-88A4-7CCB602C3261}.Release|Any CPU.Build.0 = Release|Any CPU
		{3BF1B1EA-D369-481D-B8F3-9095C6D1BB59}.Debug|Any CPU.ActiveCfg = Debug|Any CPU
		{3BF1B1EA-D369-481D-B8F3-9095C6D1BB59}.Debug|Any CPU.Build.0 = Debug|Any CPU
		{3BF1B1EA-D369-481D-B8F3-9095C6D1BB59}.Release|Any CPU.ActiveCfg = Release|Any CPU
		{3BF1B1EA-D369-481D-B8F3-9095C6D1BB59}.Release|Any CPU.Build.0 = Release|Any CPU
		{117C66DA-F10D-4BB8-B280-DAF7CC1165E1}.Debug|Any CPU.ActiveCfg = Debug|Any CPU
		{117C66DA-F10D-4BB8-B280-DAF7CC1165E1}.Debug|Any CPU.Build.0 = Debug|Any CPU
		{117C66DA-F10D-4BB8-B280-DAF7CC1165E1}.Release|Any CPU.ActiveCfg = Release|Any CPU
		{117C66DA-F10D-4BB8-B280-DAF7CC1165E1}.Release|Any CPU.Build.0 = Release|Any CPU
		{E689B87C-42EF-4F8C-8A16-36F3B76E6BAF}.Debug|Any CPU.ActiveCfg = Debug|Any CPU
		{E689B87C-42EF-4F8C-8A16-36F3B76E6BAF}.Debug|Any CPU.Build.0 = Debug|Any CPU
		{E689B87C-42EF-4F8C-8A16-36F3B76E6BAF}.Release|Any CPU.ActiveCfg = Release|Any CPU
		{E689B87C-42EF-4F8C-8A16-36F3B76E6BAF}.Release|Any CPU.Build.0 = Release|Any CPU
		{10DC31C5-3ED8-4493-B3D3-5777103E52BF}.Debug|Any CPU.ActiveCfg = Debug|Any CPU
		{10DC31C5-3ED8-4493-B3D3-5777103E52BF}.Debug|Any CPU.Build.0 = Debug|Any CPU
		{10DC31C5-3ED8-4493-B3D3-5777103E52BF}.Release|Any CPU.ActiveCfg = Release|Any CPU
		{10DC31C5-3ED8-4493-B3D3-5777103E52BF}.Release|Any CPU.Build.0 = Release|Any CPU
		{83DCC051-2CDF-461C-9341-F761F73B202E}.Debug|Any CPU.ActiveCfg = Debug|Any CPU
		{83DCC051-2CDF-461C-9341-F761F73B202E}.Debug|Any CPU.Build.0 = Debug|Any CPU
		{83DCC051-2CDF-461C-9341-F761F73B202E}.Release|Any CPU.ActiveCfg = Release|Any CPU
		{83DCC051-2CDF-461C-9341-F761F73B202E}.Release|Any CPU.Build.0 = Release|Any CPU
		{6775BAFF-7A6F-48DD-AEF6-36F3513A194D}.Debug|Any CPU.ActiveCfg = Debug|Any CPU
		{6775BAFF-7A6F-48DD-AEF6-36F3513A194D}.Debug|Any CPU.Build.0 = Debug|Any CPU
		{6775BAFF-7A6F-48DD-AEF6-36F3513A194D}.Release|Any CPU.ActiveCfg = Release|Any CPU
		{6775BAFF-7A6F-48DD-AEF6-36F3513A194D}.Release|Any CPU.Build.0 = Release|Any CPU
		{D09487D9-A9F9-47F5-85FA-F18A1E135BA8}.Debug|Any CPU.ActiveCfg = Debug|Any CPU
		{D09487D9-A9F9-47F5-85FA-F18A1E135BA8}.Debug|Any CPU.Build.0 = Debug|Any CPU
		{D09487D9-A9F9-47F5-85FA-F18A1E135BA8}.Release|Any CPU.ActiveCfg = Release|Any CPU
		{D09487D9-A9F9-47F5-85FA-F18A1E135BA8}.Release|Any CPU.Build.0 = Release|Any CPU
		{2BC02583-DBC4-4FAA-AF01-3173298529D9}.Debug|Any CPU.ActiveCfg = Debug|Any CPU
		{2BC02583-DBC4-4FAA-AF01-3173298529D9}.Debug|Any CPU.Build.0 = Debug|Any CPU
		{2BC02583-DBC4-4FAA-AF01-3173298529D9}.Release|Any CPU.ActiveCfg = Release|Any CPU
		{2BC02583-DBC4-4FAA-AF01-3173298529D9}.Release|Any CPU.Build.0 = Release|Any CPU
		{5068029F-3E84-498C-8CB4-6A3D98834BB6}.Debug|Any CPU.ActiveCfg = Debug|Any CPU
		{5068029F-3E84-498C-8CB4-6A3D98834BB6}.Debug|Any CPU.Build.0 = Debug|Any CPU
		{5068029F-3E84-498C-8CB4-6A3D98834BB6}.Release|Any CPU.ActiveCfg = Release|Any CPU
		{5068029F-3E84-498C-8CB4-6A3D98834BB6}.Release|Any CPU.Build.0 = Release|Any CPU
		{1D6C9599-1871-4BC4-AB55-24B374BAE63A}.Debug|Any CPU.ActiveCfg = Debug|Any CPU
		{1D6C9599-1871-4BC4-AB55-24B374BAE63A}.Debug|Any CPU.Build.0 = Debug|Any CPU
		{1D6C9599-1871-4BC4-AB55-24B374BAE63A}.Release|Any CPU.ActiveCfg = Release|Any CPU
		{1D6C9599-1871-4BC4-AB55-24B374BAE63A}.Release|Any CPU.Build.0 = Release|Any CPU
		{4041FF35-3DE1-47D6-9E04-AD46C1BF2E73}.Debug|Any CPU.ActiveCfg = Debug|Any CPU
		{4041FF35-3DE1-47D6-9E04-AD46C1BF2E73}.Debug|Any CPU.Build.0 = Debug|Any CPU
		{4041FF35-3DE1-47D6-9E04-AD46C1BF2E73}.Release|Any CPU.ActiveCfg = Release|Any CPU
		{4041FF35-3DE1-47D6-9E04-AD46C1BF2E73}.Release|Any CPU.Build.0 = Release|Any CPU
		{3160BEFD-CE38-41C5-A3CF-9B3098FDFA51}.Debug|Any CPU.ActiveCfg = Debug|Any CPU
		{3160BEFD-CE38-41C5-A3CF-9B3098FDFA51}.Debug|Any CPU.Build.0 = Debug|Any CPU
		{3160BEFD-CE38-41C5-A3CF-9B3098FDFA51}.Release|Any CPU.ActiveCfg = Release|Any CPU
		{3160BEFD-CE38-41C5-A3CF-9B3098FDFA51}.Release|Any CPU.Build.0 = Release|Any CPU
		{C53D1E57-20D0-4CE0-99BF-33F7F750FB70}.Debug|Any CPU.ActiveCfg = Debug|Any CPU
		{C53D1E57-20D0-4CE0-99BF-33F7F750FB70}.Debug|Any CPU.Build.0 = Debug|Any CPU
		{C53D1E57-20D0-4CE0-99BF-33F7F750FB70}.Release|Any CPU.ActiveCfg = Release|Any CPU
		{C53D1E57-20D0-4CE0-99BF-33F7F750FB70}.Release|Any CPU.Build.0 = Release|Any CPU
		{46413476-9B55-4CB1-B59C-ED42E43AAF4A}.Debug|Any CPU.ActiveCfg = Debug|Any CPU
		{46413476-9B55-4CB1-B59C-ED42E43AAF4A}.Debug|Any CPU.Build.0 = Debug|Any CPU
		{46413476-9B55-4CB1-B59C-ED42E43AAF4A}.Release|Any CPU.ActiveCfg = Release|Any CPU
		{46413476-9B55-4CB1-B59C-ED42E43AAF4A}.Release|Any CPU.Build.0 = Release|Any CPU
		{2E1FB337-DAEC-4B0D-8AEB-9346D423F280}.Debug|Any CPU.ActiveCfg = Debug|Any CPU
		{2E1FB337-DAEC-4B0D-8AEB-9346D423F280}.Debug|Any CPU.Build.0 = Debug|Any CPU
		{2E1FB337-DAEC-4B0D-8AEB-9346D423F280}.Release|Any CPU.ActiveCfg = Release|Any CPU
		{2E1FB337-DAEC-4B0D-8AEB-9346D423F280}.Release|Any CPU.Build.0 = Release|Any CPU
		{76EB467C-78EE-4723-94A9-75D03590D8B1}.Debug|Any CPU.ActiveCfg = Debug|Any CPU
		{76EB467C-78EE-4723-94A9-75D03590D8B1}.Debug|Any CPU.Build.0 = Debug|Any CPU
		{76EB467C-78EE-4723-94A9-75D03590D8B1}.Release|Any CPU.ActiveCfg = Release|Any CPU
		{76EB467C-78EE-4723-94A9-75D03590D8B1}.Release|Any CPU.Build.0 = Release|Any CPU
		{E9FC976C-28A3-4558-846E-48A24C45C561}.Debug|Any CPU.ActiveCfg = Debug|Any CPU
		{E9FC976C-28A3-4558-846E-48A24C45C561}.Debug|Any CPU.Build.0 = Debug|Any CPU
		{E9FC976C-28A3-4558-846E-48A24C45C561}.Release|Any CPU.ActiveCfg = Release|Any CPU
		{E9FC976C-28A3-4558-846E-48A24C45C561}.Release|Any CPU.Build.0 = Release|Any CPU
		{A9676711-5EA1-4D53-86B8-55950421F30E}.Debug|Any CPU.ActiveCfg = Debug|Any CPU
		{A9676711-5EA1-4D53-86B8-55950421F30E}.Debug|Any CPU.Build.0 = Debug|Any CPU
		{A9676711-5EA1-4D53-86B8-55950421F30E}.Release|Any CPU.ActiveCfg = Release|Any CPU
		{A9676711-5EA1-4D53-86B8-55950421F30E}.Release|Any CPU.Build.0 = Release|Any CPU
		{FC2B1DEA-A8DA-4C60-B96B-65D7F00C74F3}.Debug|Any CPU.ActiveCfg = Debug|Any CPU
		{FC2B1DEA-A8DA-4C60-B96B-65D7F00C74F3}.Debug|Any CPU.Build.0 = Debug|Any CPU
		{FC2B1DEA-A8DA-4C60-B96B-65D7F00C74F3}.Release|Any CPU.ActiveCfg = Release|Any CPU
		{FC2B1DEA-A8DA-4C60-B96B-65D7F00C74F3}.Release|Any CPU.Build.0 = Release|Any CPU
		{B728F05C-F5E2-4A65-989D-EC4F1BF52010}.Debug|Any CPU.ActiveCfg = Debug|Any CPU
		{B728F05C-F5E2-4A65-989D-EC4F1BF52010}.Debug|Any CPU.Build.0 = Debug|Any CPU
		{B728F05C-F5E2-4A65-989D-EC4F1BF52010}.Release|Any CPU.ActiveCfg = Release|Any CPU
		{B728F05C-F5E2-4A65-989D-EC4F1BF52010}.Release|Any CPU.Build.0 = Release|Any CPU
		{A21F4711-8763-4847-9495-72F93EE8F809}.Debug|Any CPU.ActiveCfg = Debug|Any CPU
		{A21F4711-8763-4847-9495-72F93EE8F809}.Debug|Any CPU.Build.0 = Debug|Any CPU
		{A21F4711-8763-4847-9495-72F93EE8F809}.Release|Any CPU.ActiveCfg = Release|Any CPU
		{A21F4711-8763-4847-9495-72F93EE8F809}.Release|Any CPU.Build.0 = Release|Any CPU
		{1A4593CC-F51C-4AAA-9760-53B7C584B0E8}.Debug|Any CPU.ActiveCfg = Debug|Any CPU
		{1A4593CC-F51C-4AAA-9760-53B7C584B0E8}.Debug|Any CPU.Build.0 = Debug|Any CPU
		{1A4593CC-F51C-4AAA-9760-53B7C584B0E8}.Release|Any CPU.ActiveCfg = Release|Any CPU
		{1A4593CC-F51C-4AAA-9760-53B7C584B0E8}.Release|Any CPU.Build.0 = Release|Any CPU
		{FE0C2F25-E12C-401D-8C5B-3938A4F0B248}.Debug|Any CPU.ActiveCfg = Debug|Any CPU
		{FE0C2F25-E12C-401D-8C5B-3938A4F0B248}.Debug|Any CPU.Build.0 = Debug|Any CPU
		{FE0C2F25-E12C-401D-8C5B-3938A4F0B248}.Release|Any CPU.ActiveCfg = Release|Any CPU
		{FE0C2F25-E12C-401D-8C5B-3938A4F0B248}.Release|Any CPU.Build.0 = Release|Any CPU
		{FE49AF70-2155-4AA7-BE37-47DF5E4EFE17}.Debug|Any CPU.ActiveCfg = Debug|Any CPU
		{FE49AF70-2155-4AA7-BE37-47DF5E4EFE17}.Debug|Any CPU.Build.0 = Debug|Any CPU
		{FE49AF70-2155-4AA7-BE37-47DF5E4EFE17}.Release|Any CPU.ActiveCfg = Release|Any CPU
		{FE49AF70-2155-4AA7-BE37-47DF5E4EFE17}.Release|Any CPU.Build.0 = Release|Any CPU
		{D511DB49-AFE5-43DA-A957-6E03F42C0524}.Debug|Any CPU.ActiveCfg = Debug|Any CPU
		{D511DB49-AFE5-43DA-A957-6E03F42C0524}.Debug|Any CPU.Build.0 = Debug|Any CPU
		{D511DB49-AFE5-43DA-A957-6E03F42C0524}.Release|Any CPU.ActiveCfg = Release|Any CPU
		{D511DB49-AFE5-43DA-A957-6E03F42C0524}.Release|Any CPU.Build.0 = Release|Any CPU
		{C3C7EEC8-C67A-4710-9473-5B89630A0172}.Debug|Any CPU.ActiveCfg = Debug|Any CPU
		{C3C7EEC8-C67A-4710-9473-5B89630A0172}.Debug|Any CPU.Build.0 = Debug|Any CPU
		{C3C7EEC8-C67A-4710-9473-5B89630A0172}.Release|Any CPU.ActiveCfg = Release|Any CPU
		{C3C7EEC8-C67A-4710-9473-5B89630A0172}.Release|Any CPU.Build.0 = Release|Any CPU
		{47E7AE08-C34E-4FAF-AC54-308B753F5AC9}.Debug|Any CPU.ActiveCfg = Debug|Any CPU
		{47E7AE08-C34E-4FAF-AC54-308B753F5AC9}.Debug|Any CPU.Build.0 = Debug|Any CPU
		{47E7AE08-C34E-4FAF-AC54-308B753F5AC9}.Release|Any CPU.ActiveCfg = Release|Any CPU
		{47E7AE08-C34E-4FAF-AC54-308B753F5AC9}.Release|Any CPU.Build.0 = Release|Any CPU
		{A92ABA4D-304F-438D-8803-E118F9D47BED}.Debug|Any CPU.ActiveCfg = Debug|Any CPU
		{A92ABA4D-304F-438D-8803-E118F9D47BED}.Debug|Any CPU.Build.0 = Debug|Any CPU
		{A92ABA4D-304F-438D-8803-E118F9D47BED}.Release|Any CPU.ActiveCfg = Release|Any CPU
		{A92ABA4D-304F-438D-8803-E118F9D47BED}.Release|Any CPU.Build.0 = Release|Any CPU
	EndGlobalSection
	GlobalSection(SolutionProperties) = preSolution
		HideSolutionNode = FALSE
	EndGlobalSection
	GlobalSection(NestedProjects) = preSolution
		{88C09823-A969-4B74-8770-B20AB56B9AB3} = {5B528E59-011A-4B15-B331-273D9C39BC11}
		{2472F9F6-C6AD-4255-9558-097429C643AE} = {5B528E59-011A-4B15-B331-273D9C39BC11}
		{A1979736-C81B-48F1-9C46-482E53B9805E} = {5B528E59-011A-4B15-B331-273D9C39BC11}
		{6EE4E108-1AC0-4EF5-AFEC-83FDFA2903E6} = {D7CDE845-7D16-4D7B-9FF4-5882CF9F38F6}
		{560C5D24-ADAB-4787-9215-64273DE81656} = {D7CDE845-7D16-4D7B-9FF4-5882CF9F38F6}
		{EBE3FB57-8A56-49EA-91E1-D5B4803FF238} = {D7CDE845-7D16-4D7B-9FF4-5882CF9F38F6}
		{4A4E8A69-5BD5-443B-9D2B-235961611074} = {D7CDE845-7D16-4D7B-9FF4-5882CF9F38F6}
		{9055D49B-6C2F-4D89-93D7-4D42455B3C04} = {D7CDE845-7D16-4D7B-9FF4-5882CF9F38F6}
		{B9DBCDA5-E5D7-4427-9CD2-94A343B5EFCB} = {D7CDE845-7D16-4D7B-9FF4-5882CF9F38F6}
		{1166B3F3-1504-4603-A640-F9AD77D613F6} = {D7CDE845-7D16-4D7B-9FF4-5882CF9F38F6}
		{69B6490A-8768-4CEA-9B5B-D3DEFE2EFC05} = {D7CDE845-7D16-4D7B-9FF4-5882CF9F38F6}
		{16AEA09B-FD9A-4036-9CCE-A1F915CA02A4} = {D7CDE845-7D16-4D7B-9FF4-5882CF9F38F6}
		{0AE897F5-75C3-4DB6-ADA5-1F8BF88E9425} = {D7CDE845-7D16-4D7B-9FF4-5882CF9F38F6}
		{6A772AE1-6894-45C4-9F65-48ECE418582A} = {D7CDE845-7D16-4D7B-9FF4-5882CF9F38F6}
		{5BC8993B-7099-4913-8ADB-1DFC9B5143DE} = {D7CDE845-7D16-4D7B-9FF4-5882CF9F38F6}
		{6FCC8535-31B9-48D1-937D-A18827EBC0FC} = {D7CDE845-7D16-4D7B-9FF4-5882CF9F38F6}
		{4822BB25-87A8-499C-980C-3558A9F07CB2} = {D7CDE845-7D16-4D7B-9FF4-5882CF9F38F6}
		{53F3EDDF-3256-49C1-A9CE-0F963FBEFBE4} = {D7CDE845-7D16-4D7B-9FF4-5882CF9F38F6}
		{F604C513-B106-4F8C-BFCF-224C8D30248F} = {D7CDE845-7D16-4D7B-9FF4-5882CF9F38F6}
		{41F180B5-6117-4DE1-AA27-045C6C631645} = {D7CDE845-7D16-4D7B-9FF4-5882CF9F38F6}
		{FE8120F9-35D8-4E19-9B6B-7C7B94194D16} = {D7CDE845-7D16-4D7B-9FF4-5882CF9F38F6}
		{2A7B99F7-5937-4D84-83BA-6348066F8B87} = {D7CDE845-7D16-4D7B-9FF4-5882CF9F38F6}
		{5644A821-A480-4E39-AAA8-311F83022035} = {D7CDE845-7D16-4D7B-9FF4-5882CF9F38F6}
		{DC0BC58E-219D-4F11-822F-7B7968065455} = {D7CDE845-7D16-4D7B-9FF4-5882CF9F38F6}
		{65C8A595-74D8-4ABF-8108-ABC96C43F2BF} = {D7CDE845-7D16-4D7B-9FF4-5882CF9F38F6}
		{60DE6E3E-FCEA-4772-9ABA-831E7FCDE860} = {D7CDE845-7D16-4D7B-9FF4-5882CF9F38F6}
		{0B0DB8DC-2FDE-42E6-8EEB-538912B18F2E} = {D7CDE845-7D16-4D7B-9FF4-5882CF9F38F6}
		{D7D38A23-49D0-4DFE-83D1-525FF57048B9} = {D7CDE845-7D16-4D7B-9FF4-5882CF9F38F6}
		{06FEADC9-AA63-4C90-B18E-7C81C9A41944} = {D7CDE845-7D16-4D7B-9FF4-5882CF9F38F6}
		{77E9D37D-1108-4EDC-928F-89EC93A2623F} = {D7CDE845-7D16-4D7B-9FF4-5882CF9F38F6}
		{271B89ED-4DB8-4008-8FD5-C56E3C61D2E7} = {D7CDE845-7D16-4D7B-9FF4-5882CF9F38F6}
		{28B5FCA3-AF54-460B-8729-7DD17DD751AB} = {D7CDE845-7D16-4D7B-9FF4-5882CF9F38F6}
		{E2D97293-658B-4A8D-98E2-12298E36628B} = {D7CDE845-7D16-4D7B-9FF4-5882CF9F38F6}
		{1FE6D88F-DDF3-449A-AB0A-59134F0D9617} = {D7CDE845-7D16-4D7B-9FF4-5882CF9F38F6}
		{9D277E73-E676-4163-B2CA-325D58C2AC06} = {D7CDE845-7D16-4D7B-9FF4-5882CF9F38F6}
		{FDB3A6AD-8213-4601-8A41-DFEDBC0BFC31} = {D7CDE845-7D16-4D7B-9FF4-5882CF9F38F6}
		{8BA96BD8-BFDA-473E-9CB8-24193265E7CF} = {D7CDE845-7D16-4D7B-9FF4-5882CF9F38F6}
		{445A7C27-9F49-4B61-8E4A-3BA519ED6CD4} = {D7CDE845-7D16-4D7B-9FF4-5882CF9F38F6}
		{F08E704F-6519-4D6F-8F32-49B8E4315E64} = {D7CDE845-7D16-4D7B-9FF4-5882CF9F38F6}
		{80B973E7-EED9-4EE5-86A8-48BFEAD53508} = {D7CDE845-7D16-4D7B-9FF4-5882CF9F38F6}
		{DF012C47-9D16-4DFF-8D6B-4DC1C99E1CDA} = {D7CDE845-7D16-4D7B-9FF4-5882CF9F38F6}
		{D2F9ECCB-FBD9-4062-9399-6AEA1BEBCA85} = {D7CDE845-7D16-4D7B-9FF4-5882CF9F38F6}
		{A4002BEC-A4AE-420D-BEFA-A2F6C633891E} = {5B528E59-011A-4B15-B331-273D9C39BC11}
		{53843D97-87FB-41E6-8DD0-4D620A701C7E} = {5B528E59-011A-4B15-B331-273D9C39BC11}
		{1C6D866C-4BCB-41C2-9915-194DA6AE6B23} = {5B528E59-011A-4B15-B331-273D9C39BC11}
		{A9327EC5-FB57-405D-A4ED-F8197656384A} = {5B528E59-011A-4B15-B331-273D9C39BC11}
		{5EC1671D-1AD5-4204-925F-3223B06D198A} = {5B528E59-011A-4B15-B331-273D9C39BC11}
		{C80807A3-EB13-4DE2-823E-BB55F24544DF} = {5B528E59-011A-4B15-B331-273D9C39BC11}
		{86E7F1FB-7F1A-4FFF-BCDB-E78EFB8EA20C} = {5B528E59-011A-4B15-B331-273D9C39BC11}
		{5F7E2D4B-9BDA-43CF-96FC-CA9CFEF3428B} = {5B528E59-011A-4B15-B331-273D9C39BC11}
		{FF0518BC-BCF2-44AA-9092-172A2C7369B3} = {5B528E59-011A-4B15-B331-273D9C39BC11}
		{A782BE1B-ED71-4C26-98E6-32B2D958D11C} = {5B528E59-011A-4B15-B331-273D9C39BC11}
		{0002F40A-133B-418E-81FE-27592E055C07} = {5B528E59-011A-4B15-B331-273D9C39BC11}
		{498E8B0D-222B-466F-9090-24D9DE622A3B} = {5B528E59-011A-4B15-B331-273D9C39BC11}
		{77B041DA-C284-47AC-880F-EDCEC280A3C0} = {5B528E59-011A-4B15-B331-273D9C39BC11}
		{80BEEEEB-3692-49D3-9901-DC6DCF05CF40} = {5B528E59-011A-4B15-B331-273D9C39BC11}
		{FDE774C3-52BA-4586-A832-82D47AE4FD36} = {5B528E59-011A-4B15-B331-273D9C39BC11}
		{C260FA9C-1797-4A39-BA88-F5D85D2042F4} = {5B528E59-011A-4B15-B331-273D9C39BC11}
		{AE8B03A3-44BC-498F-846E-3C53A981620A} = {5B528E59-011A-4B15-B331-273D9C39BC11}
		{FC0A9F2F-7007-4E55-84F8-AA452B2AB383} = {5B528E59-011A-4B15-B331-273D9C39BC11}
		{40B7A353-977D-4AD4-BACF-2332CC829F07} = {5B528E59-011A-4B15-B331-273D9C39BC11}
		{B0D745D2-CB93-47D4-BA84-75308EEB92F5} = {5B528E59-011A-4B15-B331-273D9C39BC11}
		{60E90D4C-A604-4F9E-A0D7-313F4D8BFCD2} = {5B528E59-011A-4B15-B331-273D9C39BC11}
		{7912FDC1-8A05-4918-A0C9-5CB309B666F8} = {5B528E59-011A-4B15-B331-273D9C39BC11}
		{D23EBD8C-745E-4ECF-834A-CA35C43D0867} = {5B528E59-011A-4B15-B331-273D9C39BC11}
		{7551D6AE-B60D-40AC-8A33-BC904A41D977} = {5B528E59-011A-4B15-B331-273D9C39BC11}
		{8FDB40A3-2F80-4F47-9FA9-0E4D203B601B} = {5B528E59-011A-4B15-B331-273D9C39BC11}
		{1E968706-83F2-49F7-9F78-1E1219C130B0} = {5B528E59-011A-4B15-B331-273D9C39BC11}
		{FA1FC550-CB5C-4155-AB07-79778F120087} = {5B528E59-011A-4B15-B331-273D9C39BC11}
		{C87E5909-D7D1-4293-8257-1696C7F2239B} = {5B528E59-011A-4B15-B331-273D9C39BC11}
		{204F80CF-1DFA-442D-9FAD-14BBDA2CA6C2} = {5B528E59-011A-4B15-B331-273D9C39BC11}
		{42D4B09A-7F40-4B0A-9014-E1C81D7E354C} = {5B528E59-011A-4B15-B331-273D9C39BC11}
		{7540A918-B7D4-4EEC-9AE1-811DA76DF484} = {5B528E59-011A-4B15-B331-273D9C39BC11}
		{C013F995-4F52-4F6B-A105-2EFC02702A73} = {99C7C2A8-3ADB-4A5C-AFBA-3DEC194419DE}
		{79079AF3-D7F6-4FDD-9D6F-254B31770253} = {99C7C2A8-3ADB-4A5C-AFBA-3DEC194419DE}
		{01BBB613-C7A6-41FD-A603-6C1E8E67067B} = {99C7C2A8-3ADB-4A5C-AFBA-3DEC194419DE}
		{93C5E493-2B98-41A7-AF39-17C866164A2E} = {99C7C2A8-3ADB-4A5C-AFBA-3DEC194419DE}
		{941436C9-0767-4B1E-A76F-96F89BD72762} = {99C7C2A8-3ADB-4A5C-AFBA-3DEC194419DE}
		{426377E9-A6D5-485F-8F9C-89579EABFF6D} = {99C7C2A8-3ADB-4A5C-AFBA-3DEC194419DE}
		{A44F5271-6699-4789-B588-222AE4A92CC9} = {5B528E59-011A-4B15-B331-273D9C39BC11}
		{D0CC94E7-ED93-487F-A205-1CC821F58564} = {99C7C2A8-3ADB-4A5C-AFBA-3DEC194419DE}
		{A952437A-B23F-42F6-B83A-1D1F4FFE3624} = {D7CDE845-7D16-4D7B-9FF4-5882CF9F38F6}
		{2D3464E5-4634-45F7-90FB-BC61D3FE1755} = {99C7C2A8-3ADB-4A5C-AFBA-3DEC194419DE}
		{69E5AF7F-D2F9-4FA6-884A-946B0F6A3715} = {99C7C2A8-3ADB-4A5C-AFBA-3DEC194419DE}
		{6C8C1932-A0CA-493B-834E-7B77826F3204} = {D7CDE845-7D16-4D7B-9FF4-5882CF9F38F6}
		{91E70B4C-8C7B-46D5-8E10-F37BA8D16039} = {99C7C2A8-3ADB-4A5C-AFBA-3DEC194419DE}
		{0031C195-7F07-4590-8244-368C36E84936} = {99C7C2A8-3ADB-4A5C-AFBA-3DEC194419DE}
		{ABD8CC41-EA6C-4538-9D01-5A44BC9FD182} = {D7CDE845-7D16-4D7B-9FF4-5882CF9F38F6}
		{8E999207-1389-4FC2-8DC5-F96CB23A96EF} = {D7CDE845-7D16-4D7B-9FF4-5882CF9F38F6}
		{2CDE7023-89B9-40E2-95A9-329759932B24} = {D7CDE845-7D16-4D7B-9FF4-5882CF9F38F6}
		{892FD349-2E68-48C3-A404-2F54B40836CE} = {D7CDE845-7D16-4D7B-9FF4-5882CF9F38F6}
		{2F3F2753-9C3C-4403-80F2-C4206EB94887} = {D7CDE845-7D16-4D7B-9FF4-5882CF9F38F6}
		{4F07A0F2-AE00-41BB-9C38-8B13B1F7555A} = {D7CDE845-7D16-4D7B-9FF4-5882CF9F38F6}
		{14685ED4-B4E0-4101-ADA4-73A538033B62} = {99C7C2A8-3ADB-4A5C-AFBA-3DEC194419DE}
		{45F740A6-95CD-4C02-B1A7-5984BC779CF6} = {5B528E59-011A-4B15-B331-273D9C39BC11}
		{499C4C6A-1F09-40D5-9A22-44F2837599E6} = {99C7C2A8-3ADB-4A5C-AFBA-3DEC194419DE}
		{096C6605-9562-4501-A04D-1D631F57431B} = {D7CDE845-7D16-4D7B-9FF4-5882CF9F38F6}
		{8008D8BE-5241-4FA8-B92B-E12630C9A9F7} = {D7CDE845-7D16-4D7B-9FF4-5882CF9F38F6}
		{FA772BA4-DBF6-4380-8764-5089CAA7B6D7} = {99C7C2A8-3ADB-4A5C-AFBA-3DEC194419DE}
		{FFB02313-ECE9-46FB-A42F-40A4E1FEF396} = {99C7C2A8-3ADB-4A5C-AFBA-3DEC194419DE}
		{F90FA4F4-E973-40EE-B7A2-A1BC5248C09E} = {99C7C2A8-3ADB-4A5C-AFBA-3DEC194419DE}
		{9EB6C341-76CD-475B-B441-D0CB75A47986} = {99C7C2A8-3ADB-4A5C-AFBA-3DEC194419DE}
		{1E14B75F-AB0F-4E57-A60D-019A403DD865} = {99C7C2A8-3ADB-4A5C-AFBA-3DEC194419DE}
		{12E1A996-7166-4A50-8AE1-1916A396D231} = {99C7C2A8-3ADB-4A5C-AFBA-3DEC194419DE}
		{3BF1B1EA-D369-481D-B8F3-9095C6D1BB59} = {99C7C2A8-3ADB-4A5C-AFBA-3DEC194419DE}
		{117C66DA-F10D-4BB8-B280-DAF7CC1165E1} = {5B528E59-011A-4B15-B331-273D9C39BC11}
		{E689B87C-42EF-4F8C-8A16-36F3B76E6BAF} = {5B528E59-011A-4B15-B331-273D9C39BC11}
		{10DC31C5-3ED8-4493-B3D3-5777103E52BF} = {D7CDE845-7D16-4D7B-9FF4-5882CF9F38F6}
		{83DCC051-2CDF-461C-9341-F761F73B202E} = {99C7C2A8-3ADB-4A5C-AFBA-3DEC194419DE}
		{6775BAFF-7A6F-48DD-AEF6-36F3513A194D} = {99C7C2A8-3ADB-4A5C-AFBA-3DEC194419DE}
		{D09487D9-A9F9-47F5-85FA-F18A1E135BA8} = {99C7C2A8-3ADB-4A5C-AFBA-3DEC194419DE}
		{2BC02583-DBC4-4FAA-AF01-3173298529D9} = {99C7C2A8-3ADB-4A5C-AFBA-3DEC194419DE}
		{5068029F-3E84-498C-8CB4-6A3D98834BB6} = {D7CDE845-7D16-4D7B-9FF4-5882CF9F38F6}
		{1D6C9599-1871-4BC4-AB55-24B374BAE63A} = {5B528E59-011A-4B15-B331-273D9C39BC11}
		{4041FF35-3DE1-47D6-9E04-AD46C1BF2E73} = {5B528E59-011A-4B15-B331-273D9C39BC11}
		{3160BEFD-CE38-41C5-A3CF-9B3098FDFA51} = {5B528E59-011A-4B15-B331-273D9C39BC11}
		{C53D1E57-20D0-4CE0-99BF-33F7F750FB70} = {D7CDE845-7D16-4D7B-9FF4-5882CF9F38F6}
		{46413476-9B55-4CB1-B59C-ED42E43AAF4A} = {99C7C2A8-3ADB-4A5C-AFBA-3DEC194419DE}
		{2E1FB337-DAEC-4B0D-8AEB-9346D423F280} = {5B528E59-011A-4B15-B331-273D9C39BC11}
		{76EB467C-78EE-4723-94A9-75D03590D8B1} = {5B528E59-011A-4B15-B331-273D9C39BC11}
		{E9FC976C-28A3-4558-846E-48A24C45C561} = {99C7C2A8-3ADB-4A5C-AFBA-3DEC194419DE}
		{A9676711-5EA1-4D53-86B8-55950421F30E} = {99C7C2A8-3ADB-4A5C-AFBA-3DEC194419DE}
		{FC2B1DEA-A8DA-4C60-B96B-65D7F00C74F3} = {D7CDE845-7D16-4D7B-9FF4-5882CF9F38F6}
		{B728F05C-F5E2-4A65-989D-EC4F1BF52010} = {5B528E59-011A-4B15-B331-273D9C39BC11}
		{A21F4711-8763-4847-9495-72F93EE8F809} = {99C7C2A8-3ADB-4A5C-AFBA-3DEC194419DE}
		{1A4593CC-F51C-4AAA-9760-53B7C584B0E8} = {99C7C2A8-3ADB-4A5C-AFBA-3DEC194419DE}
		{FE0C2F25-E12C-401D-8C5B-3938A4F0B248} = {99C7C2A8-3ADB-4A5C-AFBA-3DEC194419DE}
		{FE49AF70-2155-4AA7-BE37-47DF5E4EFE17} = {D7CDE845-7D16-4D7B-9FF4-5882CF9F38F6}
		{D511DB49-AFE5-43DA-A957-6E03F42C0524} = {99C7C2A8-3ADB-4A5C-AFBA-3DEC194419DE}
		{C3C7EEC8-C67A-4710-9473-5B89630A0172} = {D7CDE845-7D16-4D7B-9FF4-5882CF9F38F6}
		{47E7AE08-C34E-4FAF-AC54-308B753F5AC9} = {99C7C2A8-3ADB-4A5C-AFBA-3DEC194419DE}
		{A92ABA4D-304F-438D-8803-E118F9D47BED} = {D7CDE845-7D16-4D7B-9FF4-5882CF9F38F6}
	EndGlobalSection
	GlobalSection(ExtensibilityGlobals) = postSolution
		SolutionGuid = {F0E17B6E-CA2A-417C-80DA-E1AC45372208}
	EndGlobalSection
EndGlobal
