
Microsoft Visual Studio Solution File, Format Version 12.00
# Visual Studio Version 17
VisualStudioVersion = 17.5.33530.505
MinimumVisualStudioVersion = 10.0.40219.1
Project("{9A19103F-16F7-4668-BE54-9A1E7A4F7556}") = "Category.Dmloaikho", "Category.Dmloaikho.csproj", "{8BD546C8-DF32-489B-A4DC-41C32C47CAE9}"
EndProject
Global
	GlobalSection(SolutionConfigurationPlatforms) = preSolution
		Debug|Any CPU = Debug|Any CPU
		Release|Any CPU = Release|Any CPU
	EndGlobalSection
	GlobalSection(ProjectConfigurationPlatforms) = postSolution
		{8BD546C8-DF32-489B-A4DC-41C32C47CAE9}.Debug|Any CPU.ActiveCfg = Debug|Any CPU
		{8BD546C8-DF32-489B-A4DC-41C32C47CAE9}.Debug|Any CPU.Build.0 = Debug|Any CPU
		{8BD546C8-DF32-489B-A4DC-41C32C47CAE9}.Release|Any CPU.ActiveCfg = Release|Any CPU
		{8BD546C8-DF32-489B-A4DC-41C32C47CAE9}.Release|Any CPU.Build.0 = Release|Any CPU
	EndGlobalSection
	GlobalSection(SolutionProperties) = preSolution
		HideSolutionNode = FALSE
	EndGlobalSection
	GlobalSection(ExtensibilityGlobals) = postSolution
		SolutionGuid = {78385472-5C96-400C-BE20-B417D35076FD}
	EndGlobalSection
EndGlobal
